{
  "version": 4,
  "terraform_version": "1.6.6",
  "serial": 471,
  "lineage": "2f0640fc-4824-04ba-e9c3-f64a2ade46f6",
  "outputs": {
    "aws_cloudwatch_log_group_arn": {
      "value": "arn:aws:logs:us-west-2:711387138131:log-group:test",
      "type": "string"
    }
  },
  "resources": [
    {
      "mode": "managed",
      "type": "helm_release",
      "name": "autoscaler",
      "provider": "provider[\"registry.terraform.io/hashicorp/helm\"]",
      "instances": [
        {
          "schema_version": 1,
          "attributes": {
            "atomic": false,
            "chart": "cluster-autoscaler",
            "cleanup_on_fail": false,
            "create_namespace": false,
            "dependency_update": false,
            "description": null,
            "devel": null,
            "disable_crd_hooks": false,
            "disable_openapi_validation": false,
            "disable_webhooks": false,
            "force_update": false,
            "id": "autoscaler",
            "keyring": null,
            "lint": false,
            "manifest": null,
            "max_history": 0,
            "metadata": [
              {
                "app_version": "1.31.0",
                "chart": "cluster-autoscaler",
                "first_deployed": 1731239075,
                "last_deployed": 1731273313,
                "name": "autoscaler",
                "namespace": "kube-system",
                "notes": "\n\nTo verify that cluster-autoscaler has started, run:\n\n  kubectl --namespace=kube-system get pods -l \"app.kubernetes.io/name=aws-cluster-autoscaler,app.kubernetes.io/instance=autoscaler\"",
                "revision": 4,
                "values": "{\"autoDiscovery\":{\"clusterName\":\"test\"},\"awsRegion\":\"us-west-2\",\"nodeSelector\":{\"node\":\"app\"},\"rbac\":{\"serviceAccount\":{\"annotations\":{\"eks.amazonaws.com/role-arn\":\"arn:aws:iam::711387138131:role/eks-cluster-autoscaler\"}}}}",
                "version": "9.43.2"
              }
            ],
            "name": "autoscaler",
            "namespace": "kube-system",
            "pass_credentials": false,
            "postrender": [],
            "recreate_pods": false,
            "render_subchart_notes": true,
            "replace": false,
            "repository": "https://kubernetes.github.io/autoscaler",
            "repository_ca_file": null,
            "repository_cert_file": null,
            "repository_key_file": null,
            "repository_password": null,
            "repository_username": null,
            "reset_values": false,
            "reuse_values": false,
            "set": [
              {
                "name": "autoDiscovery.clusterName",
                "type": "",
                "value": "test"
              },
              {
                "name": "awsRegion",
                "type": "",
                "value": "us-west-2"
              },
              {
                "name": "nodeSelector.node",
                "type": "",
                "value": "app"
              },
              {
                "name": "rbac.serviceAccount.annotations.eks\\.amazonaws\\.com/role-arn",
                "type": "",
                "value": "arn:aws:iam::711387138131:role/eks-cluster-autoscaler"
              }
            ],
            "set_list": [],
            "set_sensitive": [],
            "skip_crds": false,
            "status": "deployed",
            "timeout": 300,
            "upgrade_install": null,
            "values": null,
            "verify": false,
            "version": "9.43.2",
            "wait": true,
            "wait_for_jobs": false
          },
          "sensitive_attributes": [],
          "private": "eyJzY2hlbWFfdmVyc2lvbiI6IjEifQ==",
          "dependencies": [
            "module.max_weather.aws_eks_cluster.cluster",
            "module.max_weather.aws_iam_openid_connect_provider.eks",
            "module.max_weather.aws_iam_role.eks_cluster_autoscaler",
            "module.max_weather.aws_iam_role.eks_cluster_role",
            "module.max_weather.aws_iam_role_policy_attachment.eks_cluster_role-AmazonEKSClusterPolicy",
            "module.max_weather.aws_iam_role_policy_attachment.eks_cluster_role-AmazonEKSVPCResourceController",
            "module.max_weather.aws_subnet.eks_cluster",
            "module.max_weather.aws_vpc.vpc",
            "module.max_weather.aws_vpc_ipam.vpc_ipam",
            "module.max_weather.aws_vpc_ipam_pool.vpc_ipam_pool",
            "module.max_weather.aws_vpc_ipam_pool_cidr.vpc_ipam_pool_cidr",
            "module.max_weather.data.aws_iam_policy_document.assume_role",
            "module.max_weather.data.aws_iam_policy_document.eks_cluster_autoscaler_assume_role_policy",
            "module.max_weather.data.tls_certificate.eks"
          ]
        }
      ]
    },
    {
      "mode": "managed",
      "type": "helm_release",
      "name": "aws-load-balancer-controller",
      "provider": "provider[\"registry.terraform.io/hashicorp/helm\"]",
      "instances": [
        {
          "schema_version": 1,
          "attributes": {
            "atomic": false,
            "chart": "aws-load-balancer-controller",
            "cleanup_on_fail": false,
            "create_namespace": false,
            "dependency_update": false,
            "description": null,
            "devel": null,
            "disable_crd_hooks": false,
            "disable_openapi_validation": false,
            "disable_webhooks": false,
            "force_update": false,
            "id": "aws-load-balancer-controller",
            "keyring": null,
            "lint": false,
            "manifest": null,
            "max_history": 0,
            "metadata": [
              {
                "app_version": "v2.10.0",
                "chart": "aws-load-balancer-controller",
                "first_deployed": 1731249306,
                "last_deployed": 1731273314,
                "name": "aws-load-balancer-controller",
                "namespace": "kube-system",
                "notes": "AWS Load Balancer controller installed!\n",
                "revision": 2,
                "values": "{\"clusterName\":\"test\",\"controller\":{\"service\":{\"type\":\"LoadBalancer\"}},\"nodeSelector\":{\"node\":\"app\"},\"region\":\"us-west-2\",\"serviceAccount\":{\"annotations\":{\"eks.amazonaws.com/role-arn\":\"arn:aws:iam::711387138131:role/aws-load-balancer-controller\"}},\"vpcId\":\"vpc-080e8656fe951e292\"}",
                "version": "1.10.0"
              }
            ],
            "name": "aws-load-balancer-controller",
            "namespace": "kube-system",
            "pass_credentials": false,
            "postrender": [],
            "recreate_pods": false,
            "render_subchart_notes": true,
            "replace": false,
            "repository": "https://aws.github.io/eks-charts",
            "repository_ca_file": null,
            "repository_cert_file": null,
            "repository_key_file": null,
            "repository_password": null,
            "repository_username": null,
            "reset_values": false,
            "reuse_values": false,
            "set": [
              {
                "name": "clusterName",
                "type": "",
                "value": "test"
              },
              {
                "name": "controller.service.type",
                "type": "",
                "value": "LoadBalancer"
              },
              {
                "name": "nodeSelector.node",
                "type": "",
                "value": "app"
              },
              {
                "name": "region",
                "type": "",
                "value": "us-west-2"
              },
              {
                "name": "serviceAccount.annotations.eks\\.amazonaws\\.com/role-arn",
                "type": "",
                "value": "arn:aws:iam::711387138131:role/aws-load-balancer-controller"
              },
              {
                "name": "vpcId",
                "type": "",
                "value": "vpc-080e8656fe951e292"
              }
            ],
            "set_list": [],
            "set_sensitive": [],
            "skip_crds": false,
            "status": "deployed",
            "timeout": 300,
            "upgrade_install": null,
            "values": null,
            "verify": false,
            "version": "1.10.0",
            "wait": true,
            "wait_for_jobs": false
          },
          "sensitive_attributes": [],
          "private": "eyJzY2hlbWFfdmVyc2lvbiI6IjEifQ==",
          "dependencies": [
            "module.max_weather.aws_eks_cluster.cluster",
            "module.max_weather.aws_iam_openid_connect_provider.eks",
            "module.max_weather.aws_iam_role.aws-load-balancer-controller",
            "module.max_weather.aws_iam_role.eks_cluster_role",
            "module.max_weather.aws_iam_role_policy_attachment.eks_cluster_role-AmazonEKSClusterPolicy",
            "module.max_weather.aws_iam_role_policy_attachment.eks_cluster_role-AmazonEKSVPCResourceController",
            "module.max_weather.aws_subnet.eks_cluster",
            "module.max_weather.aws_vpc.vpc",
            "module.max_weather.aws_vpc_ipam.vpc_ipam",
            "module.max_weather.aws_vpc_ipam_pool.vpc_ipam_pool",
            "module.max_weather.aws_vpc_ipam_pool_cidr.vpc_ipam_pool_cidr",
            "module.max_weather.data.aws_iam_policy_document.assume_role",
            "module.max_weather.data.aws_iam_policy_document.aws-load-balancer-controller_assume_role_policy",
            "module.max_weather.data.tls_certificate.eks"
          ]
        }
      ]
    },
    {
      "mode": "managed",
      "type": "helm_release",
      "name": "fluent-bit",
      "provider": "provider[\"registry.terraform.io/hashicorp/helm\"]",
      "instances": [
        {
          "schema_version": 1,
          "attributes": {
            "atomic": false,
            "chart": "fluent-bit",
            "cleanup_on_fail": false,
            "create_namespace": false,
            "dependency_update": false,
            "description": null,
            "devel": null,
            "disable_crd_hooks": false,
            "disable_openapi_validation": false,
            "disable_webhooks": false,
            "force_update": false,
            "id": "fluent-bit",
            "keyring": null,
            "lint": false,
            "manifest": null,
            "max_history": 0,
            "metadata": [
              {
                "app_version": "3.1.9",
                "chart": "fluent-bit",
                "first_deployed": 1731259575,
                "last_deployed": 1731289572,
                "name": "fluent-bit",
                "namespace": "default",
                "notes": "Get Fluent Bit build information by running these commands:\n\nexport POD_NAME=$(kubectl get pods --namespace default -l \"app.kubernetes.io/name=fluent-bit,app.kubernetes.io/instance=fluent-bit\" -o jsonpath=\"{.items[0].metadata.name}\")\nkubectl --namespace default port-forward $POD_NAME 2020:2020\ncurl http://127.0.0.1:2020 \n\n",
                "revision": 7,
                "values": "{\"config\":{\"outputs\":\"[OUTPUT]\\r\\n    Name cloudwatch_logs\\r\\n    Match *\\r\\n    region us-west-2\\r\\n    log_group_name /aws/containerinsights/test/host\\r\\n    log_stream_prefix from-fluent-bit\\r\\n    auto_create_group   true\\r\\n    extra_user_agent    container-insights\\r\\n\"},\"env\":[{\"name\":\"AWS_REGION\",\"value\":\"us-west-2\"},{\"name\":\"CLUSTER_NAME\",\"value\":\"test\"},{\"name\":\"HTTP_SERVER\",\"value\":\"ON\"},{\"name\":\"HTTP_PORT\",\"value\":\"\\\"2020\\\"\"},{\"name\":\"READ_FROM_HEAD\",\"value\":\"Off\"},{\"name\":\"READ_FROM_TAIL\",\"value\":\"On\"}],\"nodeSelector\":{\"node\":\"app\"},\"serviceAccount\":{\"annotations\":{\"eks.amazonaws.com/role-arn\":\"arn:aws:iam::711387138131:role/cloudwatch\"}}}",
                "version": "0.47.10"
              }
            ],
            "name": "fluent-bit",
            "namespace": "default",
            "pass_credentials": false,
            "postrender": [],
            "recreate_pods": false,
            "render_subchart_notes": true,
            "replace": false,
            "repository": "https://fluent.github.io/helm-charts",
            "repository_ca_file": null,
            "repository_cert_file": null,
            "repository_key_file": null,
            "repository_password": null,
            "repository_username": null,
            "reset_values": false,
            "reuse_values": false,
            "set": [
              {
                "name": "config.outputs",
                "type": "",
                "value": "[OUTPUT]\r\n    Name cloudwatch_logs\r\n    Match *\r\n    region us-west-2\r\n    log_group_name /aws/containerinsights/test/host\r\n    log_stream_prefix from-fluent-bit\r\n    auto_create_group   true\r\n    extra_user_agent    container-insights\r\n"
              },
              {
                "name": "env[0].name",
                "type": "",
                "value": "AWS_REGION"
              },
              {
                "name": "env[0].value",
                "type": "",
                "value": "us-west-2"
              },
              {
                "name": "env[1].name",
                "type": "",
                "value": "CLUSTER_NAME"
              },
              {
                "name": "env[1].value",
                "type": "",
                "value": "test"
              },
              {
                "name": "env[2].name",
                "type": "",
                "value": "HTTP_SERVER"
              },
              {
                "name": "env[2].value",
                "type": "",
                "value": "ON"
              },
              {
                "name": "env[3].name",
                "type": "",
                "value": "HTTP_PORT"
              },
              {
                "name": "env[3].value",
                "type": "",
                "value": "\"2020\""
              },
              {
                "name": "env[4].name",
                "type": "",
                "value": "READ_FROM_HEAD"
              },
              {
                "name": "env[4].value",
                "type": "",
                "value": "Off"
              },
              {
                "name": "env[5].name",
                "type": "",
                "value": "READ_FROM_TAIL"
              },
              {
                "name": "env[5].value",
                "type": "",
                "value": "On"
              },
              {
                "name": "nodeSelector.node",
                "type": "",
                "value": "app"
              },
              {
                "name": "serviceAccount.annotations.eks\\.amazonaws\\.com/role-arn",
                "type": "",
                "value": "arn:aws:iam::711387138131:role/cloudwatch"
              }
            ],
            "set_list": [],
            "set_sensitive": [],
            "skip_crds": false,
            "status": "deployed",
            "timeout": 300,
            "upgrade_install": null,
            "values": null,
            "verify": false,
            "version": "0.47.10",
            "wait": true,
            "wait_for_jobs": false
          },
          "sensitive_attributes": [],
          "private": "eyJzY2hlbWFfdmVyc2lvbiI6IjEifQ==",
          "dependencies": [
            "module.max_weather.aws_eks_cluster.cluster",
            "module.max_weather.aws_iam_openid_connect_provider.eks",
            "module.max_weather.aws_iam_role.cloudwatch",
            "module.max_weather.aws_iam_role.eks_cluster_role",
            "module.max_weather.aws_iam_role_policy_attachment.eks_cluster_role-AmazonEKSClusterPolicy",
            "module.max_weather.aws_iam_role_policy_attachment.eks_cluster_role-AmazonEKSVPCResourceController",
            "module.max_weather.aws_subnet.eks_cluster",
            "module.max_weather.aws_vpc.vpc",
            "module.max_weather.aws_vpc_ipam.vpc_ipam",
            "module.max_weather.aws_vpc_ipam_pool.vpc_ipam_pool",
            "module.max_weather.aws_vpc_ipam_pool_cidr.vpc_ipam_pool_cidr",
            "module.max_weather.data.aws_iam_policy_document.assume_role",
            "module.max_weather.data.aws_iam_policy_document.cloudwatch_assume_role_policy",
            "module.max_weather.data.tls_certificate.eks"
          ]
        }
      ]
    },
    {
      "mode": "managed",
      "type": "helm_release",
      "name": "jenkins",
      "provider": "provider[\"registry.terraform.io/hashicorp/helm\"]",
      "instances": [
        {
          "schema_version": 1,
          "attributes": {
            "atomic": false,
            "chart": "jenkins",
            "cleanup_on_fail": false,
            "create_namespace": false,
            "dependency_update": false,
            "description": null,
            "devel": null,
            "disable_crd_hooks": false,
            "disable_openapi_validation": false,
            "disable_webhooks": false,
            "force_update": false,
            "id": "jenkins",
            "keyring": null,
            "lint": false,
            "manifest": null,
            "max_history": 0,
            "metadata": [
              {
                "app_version": "2.479.1",
                "chart": "jenkins",
                "first_deployed": 1731264243,
                "last_deployed": 1731298164,
                "name": "jenkins",
                "namespace": "default",
                "notes": "1. Get your 'admin' user password by running:\n  kubectl exec --namespace default -it svc/jenkins -c jenkins -- /bin/cat /run/secrets/additional/chart-admin-password \u0026\u0026 echo\n2. Get the Jenkins URL to visit by running these commands in the same shell:\n  echo http://127.0.0.1:8080\n  kubectl --namespace default port-forward svc/jenkins 8080:8080\n\n3. Login with the password from step 1 and the username: admin\n4. Configure security realm and authorization strategy\n5. Use Jenkins Configuration as Code by specifying configScripts in your values.yaml file, see documentation: http://127.0.0.1:8080/configuration-as-code and examples: https://github.com/jenkinsci/configuration-as-code-plugin/tree/master/demos\n\nFor more information on running Jenkins on Kubernetes, visit:\nhttps://cloud.google.com/solutions/jenkins-on-container-engine\n\nFor more information about Jenkins Configuration as Code, visit:\nhttps://jenkins.io/projects/jcasc/\n\n\nNOTE: Consider using a custom image with pre-installed plugins\n#################################################################################\n######   WARNING: Persistence is disabled!!! You will lose your data when   #####\n######            the Jenkins pod is terminated.                            #####\n#################################################################################\n",
                "revision": 7,
                "values": "{\"controller\":{\"installPlugins\":[\"kubernetes:4295.v7fa_01b_309c95\",\"workflow-aggregator:600.vb_57cdd26fdd7\",\"git:5.6.0\",\"configuration-as-code:1887.v9e47623cb_043\",\"pipeline-utility-steps:2.18.0\",\"kubernetes-cli:1.12.1\"],\"nodeSelector\":{\"node\":\"app\"}},\"persistence\":{\"enabled\":false}}",
                "version": "5.7.12"
              }
            ],
            "name": "jenkins",
            "namespace": "default",
            "pass_credentials": false,
            "postrender": [],
            "recreate_pods": false,
            "render_subchart_notes": true,
            "replace": false,
            "repository": "https://charts.jenkins.io",
            "repository_ca_file": null,
            "repository_cert_file": null,
            "repository_key_file": null,
            "repository_password": null,
            "repository_username": null,
            "reset_values": false,
            "reuse_values": false,
            "set": [
              {
                "name": "controller.installPlugins[0]",
                "type": "",
                "value": "kubernetes:4295.v7fa_01b_309c95"
              },
              {
                "name": "controller.installPlugins[1]",
                "type": "",
                "value": "workflow-aggregator:600.vb_57cdd26fdd7"
              },
              {
                "name": "controller.installPlugins[2]",
                "type": "",
                "value": "git:5.6.0"
              },
              {
                "name": "controller.installPlugins[3]",
                "type": "",
                "value": "configuration-as-code:1887.v9e47623cb_043"
              },
              {
                "name": "controller.installPlugins[4]",
                "type": "",
                "value": "pipeline-utility-steps:2.18.0"
              },
              {
                "name": "controller.installPlugins[5]",
                "type": "",
                "value": "kubernetes-cli:1.12.1"
              },
              {
                "name": "controller.installPlugins[5]",
                "type": "",
                "value": "pipeline-aws:1.45"
              },
              {
                "name": "controller.nodeSelector.node",
                "type": "",
                "value": "app"
              },
              {
                "name": "persistence.enabled",
                "type": "",
                "value": "false"
              }
            ],
            "set_list": [],
            "set_sensitive": [],
            "skip_crds": false,
            "status": "deployed",
            "timeout": 300,
            "upgrade_install": null,
            "values": [],
            "verify": false,
            "version": "5.7.12",
            "wait": true,
            "wait_for_jobs": false
          },
          "sensitive_attributes": [],
          "private": "eyJzY2hlbWFfdmVyc2lvbiI6IjEifQ=="
        }
      ]
    },
    {
      "mode": "managed",
      "type": "helm_release",
      "name": "nginx_ingress",
      "provider": "provider[\"registry.terraform.io/hashicorp/helm\"]",
      "instances": [
        {
          "schema_version": 1,
          "attributes": {
            "atomic": false,
            "chart": "ingress-nginx",
            "cleanup_on_fail": false,
            "create_namespace": false,
            "dependency_update": false,
            "description": null,
            "devel": null,
            "disable_crd_hooks": false,
            "disable_openapi_validation": false,
            "disable_webhooks": false,
            "force_update": false,
            "id": "nginx-ingress-controller",
            "keyring": null,
            "lint": false,
            "manifest": null,
            "max_history": 0,
            "metadata": [
              {
                "app_version": "1.11.2",
                "chart": "ingress-nginx",
                "first_deployed": 1731251878,
                "last_deployed": 1731273315,
                "name": "nginx-ingress-controller",
                "namespace": "kube-system",
                "notes": "The ingress-nginx controller has been installed.\nIt may take a few minutes for the load balancer IP to be available.\nYou can watch the status by running 'kubectl get service --namespace kube-system nginx-ingress-controller-ingress-nginx-controller --output wide --watch'\n\nAn example Ingress that makes use of the controller:\n  apiVersion: networking.k8s.io/v1\n  kind: Ingress\n  metadata:\n    name: example\n    namespace: foo\n  spec:\n    ingressClassName: nginx\n    rules:\n      - host: www.example.com\n        http:\n          paths:\n            - pathType: Prefix\n              backend:\n                service:\n                  name: exampleService\n                  port:\n                    number: 80\n              path: /\n    # This section is only required if TLS is to be enabled for the Ingress\n    tls:\n      - hosts:\n        - www.example.com\n        secretName: example-tls\n\nIf TLS is enabled for the Ingress, a Secret containing the certificate and key must also be provided:\n\n  apiVersion: v1\n  kind: Secret\n  metadata:\n    name: example-tls\n    namespace: foo\n  data:\n    tls.crt: \u003cbase64 encoded cert\u003e\n    tls.key: \u003cbase64 encoded key\u003e\n  type: kubernetes.io/tls\n",
                "revision": 2,
                "values": "{\"controller\":{\"service\":{\"annotations\":{\"service.beta.kubernetes.io/aws-load-balancer-manage-backend-security-group-rules\":true,\"service.beta.kubernetes.io/aws-load-balancer-security-groups\":\"sg-02c333cbda41124f8\",\"service.beta.kubernetes.io/aws-load-balancer-type\":\"nlb\"},\"externalTrafficPolicy\":\"Local\",\"type\":\"LoadBalancer\"}},\"nodeSelector\":{\"node\":\"app\"}}",
                "version": "4.11.2"
              }
            ],
            "name": "nginx-ingress-controller",
            "namespace": "kube-system",
            "pass_credentials": false,
            "postrender": [],
            "recreate_pods": false,
            "render_subchart_notes": true,
            "replace": false,
            "repository": "https://kubernetes.github.io/ingress-nginx",
            "repository_ca_file": null,
            "repository_cert_file": null,
            "repository_key_file": null,
            "repository_password": null,
            "repository_username": null,
            "reset_values": false,
            "reuse_values": false,
            "set": [
              {
                "name": "controller.service.annotations.service\\.beta\\.kubernetes\\.io/aws-load-balancer-manage-backend-security-group-rules",
                "type": "",
                "value": "true"
              },
              {
                "name": "controller.service.annotations.service\\.beta\\.kubernetes\\.io/aws-load-balancer-security-groups",
                "type": "",
                "value": "sg-02c333cbda41124f8"
              },
              {
                "name": "controller.service.annotations.service\\.beta\\.kubernetes\\.io/aws-load-balancer-type",
                "type": "",
                "value": "nlb"
              },
              {
                "name": "controller.service.externalTrafficPolicy",
                "type": "",
                "value": "Local"
              },
              {
                "name": "controller.service.type",
                "type": "",
                "value": "LoadBalancer"
              },
              {
                "name": "nodeSelector.node",
                "type": "",
                "value": "app"
              }
            ],
            "set_list": [],
            "set_sensitive": [],
            "skip_crds": false,
            "status": "deployed",
            "timeout": 300,
            "upgrade_install": null,
            "values": null,
            "verify": false,
            "version": "4.11.2",
            "wait": true,
            "wait_for_jobs": false
          },
          "sensitive_attributes": [],
          "private": "eyJzY2hlbWFfdmVyc2lvbiI6IjEifQ==",
          "dependencies": [
            "module.max_weather.aws_security_group.eks-nlb",
            "module.max_weather.aws_vpc.vpc",
            "module.max_weather.aws_vpc_ipam.vpc_ipam",
            "module.max_weather.aws_vpc_ipam_pool.vpc_ipam_pool",
            "module.max_weather.aws_vpc_ipam_pool_cidr.vpc_ipam_pool_cidr"
          ]
        }
      ]
    },
    {
      "mode": "managed",
      "type": "helm_release",
      "name": "prometheus",
      "provider": "provider[\"registry.terraform.io/hashicorp/helm\"]",
      "instances": [
        {
          "schema_version": 1,
          "attributes": {
            "atomic": false,
            "chart": "kube-prometheus-stack",
            "cleanup_on_fail": false,
            "create_namespace": false,
            "dependency_update": false,
            "description": null,
            "devel": null,
            "disable_crd_hooks": false,
            "disable_openapi_validation": false,
            "disable_webhooks": false,
            "force_update": false,
            "id": "kube-prometheus-stack",
            "keyring": null,
            "lint": false,
            "manifest": null,
            "max_history": 0,
            "metadata": [
              {
                "app_version": "v0.78.1",
                "chart": "kube-prometheus-stack",
                "first_deployed": 1731270668,
                "last_deployed": 1731273309,
                "name": "kube-prometheus-stack",
                "namespace": "default",
                "notes": "kube-prometheus-stack has been installed. Check its status by running:\n  kubectl --namespace default get pods -l \"release=kube-prometheus-stack\"\n\nVisit https://github.com/prometheus-operator/kube-prometheus for instructions on how to create \u0026 configure Alertmanager and Prometheus instances using the Operator.\n\n1. Get your 'admin' user password by running:\n\n   kubectl get secret --namespace default kube-prometheus-stack-grafana -o jsonpath=\"{.data.admin-password}\" | base64 --decode ; echo\n\n\n2. The Grafana server can be accessed via port 80 on the following DNS name from within your cluster:\n\n   kube-prometheus-stack-grafana.default.svc.cluster.local\n\n   Get the Grafana URL to visit by running these commands in the same shell:\n     export POD_NAME=$(kubectl get pods --namespace default -l \"app.kubernetes.io/name=grafana,app.kubernetes.io/instance=kube-prometheus-stack\" -o jsonpath=\"{.items[0].metadata.name}\")\n     kubectl --namespace default port-forward $POD_NAME 3000\n\n3. Login with the password from step 1 and the username: admin\n#################################################################################\n######   WARNING: Persistence is disabled!!! You will lose your data when   #####\n######            the Grafana pod is terminated.                            #####\n#################################################################################\n\n1. Get the application URL by running these commands:\n  export POD_NAME=$(kubectl get pods --namespace default -l \"app.kubernetes.io/name=prometheus-node-exporter,app.kubernetes.io/instance=kube-prometheus-stack\" -o jsonpath=\"{.items[0].metadata.name}\")\n  echo \"Visit http://127.0.0.1:9100 to use your application\"\n  kubectl port-forward --namespace default $POD_NAME 9100\nkube-state-metrics is a simple service that listens to the Kubernetes API server and generates metrics about the state of the objects.\nThe exposed metrics can be found here:\nhttps://github.com/kubernetes/kube-state-metrics/blob/master/docs/README.md#exposed-metrics\n\nThe metrics are exported on the HTTP endpoint /metrics on the listening port.\nIn your case, kube-prometheus-stack-kube-state-metrics.default.svc.cluster.local:8080/metrics\n\nThey are served either as plaintext or protobuf depending on the Accept header.\nThey are designed to be consumed either by Prometheus itself or by a scraper that is compatible with scraping a Prometheus client endpoint.\n",
                "revision": 2,
                "values": "{\"alertmanager\":{\"nodeSelector\":{\"node\":\"app\"}},\"global\":{\"nodeSelector\":{\"node\":\"app\"}},\"grafana\":{\"nodeSelector\":{\"node\":\"app\"}},\"kubeStateMetrics\":{\"nodeSelector\":{\"node\":\"app\"}},\"persistence\":{\"enabled\":false},\"prometheus\":{\"nodeSelector\":{\"node\":\"app\"}},\"prometheusAdapter\":{\"nodeSelector\":{\"node\":\"app\"}},\"prometheusNodeExporter\":{\"nodeSelector\":{\"node\":\"app\"}},\"prometheusOperator\":{\"nodeSelector\":{\"node\":\"app\"}},\"thanos\":{\"nodeSelector\":{\"node\":\"app\"}}}",
                "version": "66.1.0"
              }
            ],
            "name": "kube-prometheus-stack",
            "namespace": "default",
            "pass_credentials": false,
            "postrender": [],
            "recreate_pods": false,
            "render_subchart_notes": true,
            "replace": false,
            "repository": "https://prometheus-community.github.io/helm-charts",
            "repository_ca_file": null,
            "repository_cert_file": null,
            "repository_key_file": null,
            "repository_password": null,
            "repository_username": null,
            "reset_values": false,
            "reuse_values": false,
            "set": [
              {
                "name": "alertmanager.nodeSelector.node",
                "type": "",
                "value": "app"
              },
              {
                "name": "global.nodeSelector.node",
                "type": "",
                "value": "app"
              },
              {
                "name": "grafana.nodeSelector.node",
                "type": "",
                "value": "app"
              },
              {
                "name": "kubeStateMetrics.nodeSelector.node",
                "type": "",
                "value": "app"
              },
              {
                "name": "persistence.enabled",
                "type": "",
                "value": "false"
              },
              {
                "name": "prometheus.nodeSelector.node",
                "type": "",
                "value": "app"
              },
              {
                "name": "prometheusAdapter.nodeSelector.node",
                "type": "",
                "value": "app"
              },
              {
                "name": "prometheusNodeExporter.nodeSelector.node",
                "type": "",
                "value": "app"
              },
              {
                "name": "prometheusOperator.nodeSelector.node",
                "type": "",
                "value": "app"
              },
              {
                "name": "thanos.nodeSelector.node",
                "type": "",
                "value": "app"
              }
            ],
            "set_list": [],
            "set_sensitive": [],
            "skip_crds": false,
            "status": "deployed",
            "timeout": 300,
            "upgrade_install": null,
            "values": null,
            "verify": false,
            "version": "66.1.0",
            "wait": true,
            "wait_for_jobs": false
          },
          "sensitive_attributes": [],
          "private": "eyJzY2hlbWFfdmVyc2lvbiI6IjEifQ=="
        }
      ]
    },
    {
      "mode": "managed",
      "type": "helm_release",
      "name": "prometheus-adapter",
      "provider": "provider[\"registry.terraform.io/hashicorp/helm\"]",
      "instances": [
        {
          "schema_version": 1,
          "attributes": {
            "atomic": false,
            "chart": "prometheus-adapter",
            "cleanup_on_fail": false,
            "create_namespace": false,
            "dependency_update": false,
            "description": null,
            "devel": null,
            "disable_crd_hooks": false,
            "disable_openapi_validation": false,
            "disable_webhooks": false,
            "force_update": false,
            "id": "prometheus-adapter",
            "keyring": null,
            "lint": false,
            "manifest": null,
            "max_history": 0,
            "metadata": [
              {
                "app_version": "v0.12.0",
                "chart": "prometheus-adapter",
                "first_deployed": 1731268117,
                "last_deployed": 1731273306,
                "name": "prometheus-adapter",
                "namespace": "default",
                "notes": "prometheus-adapter has been deployed.\nIn a few minutes you should be able to list metrics using the following command(s):\n\n  kubectl get --raw /apis/custom.metrics.k8s.io/v1beta1\n\n",
                "revision": 2,
                "values": "{\"nodeSelector\":{\"node\":\"app\"}}",
                "version": "4.11.0"
              }
            ],
            "name": "prometheus-adapter",
            "namespace": "default",
            "pass_credentials": false,
            "postrender": [],
            "recreate_pods": false,
            "render_subchart_notes": true,
            "replace": false,
            "repository": "https://prometheus-community.github.io/helm-charts",
            "repository_ca_file": null,
            "repository_cert_file": null,
            "repository_key_file": null,
            "repository_password": null,
            "repository_username": null,
            "reset_values": false,
            "reuse_values": false,
            "set": [
              {
                "name": "nodeSelector.node",
                "type": "",
                "value": "app"
              }
            ],
            "set_list": [],
            "set_sensitive": [],
            "skip_crds": false,
            "status": "deployed",
            "timeout": 300,
            "upgrade_install": null,
            "values": null,
            "verify": false,
            "version": "4.11.0",
            "wait": true,
            "wait_for_jobs": false
          },
          "sensitive_attributes": [],
          "private": "eyJzY2hlbWFfdmVyc2lvbiI6IjEifQ=="
        }
      ]
    },
    {
      "module": "module.max_weather",
      "mode": "data",
      "type": "aws_iam_policy_document",
      "name": "assume_role",
      "provider": "provider[\"registry.terraform.io/hashicorp/aws\"]",
      "instances": [
        {
          "schema_version": 0,
          "attributes": {
            "id": "2217611055",
            "json": "{\n  \"Version\": \"2012-10-17\",\n  \"Statement\": [\n    {\n      \"Effect\": \"Allow\",\n      \"Action\": \"sts:AssumeRole\",\n      \"Principal\": {\n        \"Service\": [\n          \"eks.amazonaws.com\",\n          \"ec2.amazonaws.com\"\n        ]\n      }\n    }\n  ]\n}",
            "minified_json": "{\"Version\":\"2012-10-17\",\"Statement\":[{\"Effect\":\"Allow\",\"Action\":\"sts:AssumeRole\",\"Principal\":{\"Service\":[\"eks.amazonaws.com\",\"ec2.amazonaws.com\"]}}]}",
            "override_json": null,
            "override_policy_documents": null,
            "policy_id": null,
            "source_json": null,
            "source_policy_documents": null,
            "statement": [
              {
                "actions": [
                  "sts:AssumeRole"
                ],
                "condition": [],
                "effect": "Allow",
                "not_actions": [],
                "not_principals": [],
                "not_resources": [],
                "principals": [
                  {
                    "identifiers": [
                      "ec2.amazonaws.com",
                      "eks.amazonaws.com"
                    ],
                    "type": "Service"
                  }
                ],
                "resources": [],
                "sid": ""
              }
            ],
            "version": "2012-10-17"
          },
          "sensitive_attributes": []
        }
      ]
    },
    {
      "module": "module.max_weather",
      "mode": "data",
      "type": "aws_iam_policy_document",
      "name": "aws-load-balancer-controller_assume_role_policy",
      "provider": "provider[\"registry.terraform.io/hashicorp/aws\"]",
      "instances": [
        {
          "schema_version": 0,
          "attributes": {
            "id": "1914812376",
            "json": "{\n  \"Version\": \"2012-10-17\",\n  \"Statement\": [\n    {\n      \"Effect\": \"Allow\",\n      \"Action\": \"sts:AssumeRoleWithWebIdentity\",\n      \"Principal\": {\n        \"Federated\": \"arn:aws:iam::711387138131:oidc-provider/oidc.eks.us-west-2.amazonaws.com/id/0F03A934BFEBC6DE6D5BD37DE34331CA\"\n      },\n      \"Condition\": {\n        \"StringEquals\": {\n          \"oidc.eks.us-west-2.amazonaws.com/id/0F03A934BFEBC6DE6D5BD37DE34331CA:sub\": \"system:serviceaccount:kube-system:aws-load-balancer-controller\"\n        }\n      }\n    }\n  ]\n}",
            "minified_json": "{\"Version\":\"2012-10-17\",\"Statement\":[{\"Effect\":\"Allow\",\"Action\":\"sts:AssumeRoleWithWebIdentity\",\"Principal\":{\"Federated\":\"arn:aws:iam::711387138131:oidc-provider/oidc.eks.us-west-2.amazonaws.com/id/0F03A934BFEBC6DE6D5BD37DE34331CA\"},\"Condition\":{\"StringEquals\":{\"oidc.eks.us-west-2.amazonaws.com/id/0F03A934BFEBC6DE6D5BD37DE34331CA:sub\":\"system:serviceaccount:kube-system:aws-load-balancer-controller\"}}}]}",
            "override_json": null,
            "override_policy_documents": null,
            "policy_id": null,
            "source_json": null,
            "source_policy_documents": null,
            "statement": [
              {
                "actions": [
                  "sts:AssumeRoleWithWebIdentity"
                ],
                "condition": [
                  {
                    "test": "StringEquals",
                    "values": [
                      "system:serviceaccount:kube-system:aws-load-balancer-controller"
                    ],
                    "variable": "oidc.eks.us-west-2.amazonaws.com/id/0F03A934BFEBC6DE6D5BD37DE34331CA:sub"
                  }
                ],
                "effect": "Allow",
                "not_actions": [],
                "not_principals": [],
                "not_resources": [],
                "principals": [
                  {
                    "identifiers": [
                      "arn:aws:iam::711387138131:oidc-provider/oidc.eks.us-west-2.amazonaws.com/id/0F03A934BFEBC6DE6D5BD37DE34331CA"
                    ],
                    "type": "Federated"
                  }
                ],
                "resources": [],
                "sid": ""
              }
            ],
            "version": "2012-10-17"
          },
          "sensitive_attributes": []
        }
      ]
    },
    {
      "module": "module.max_weather",
      "mode": "data",
      "type": "aws_iam_policy_document",
      "name": "cloudwatch_assume_role_policy",
      "provider": "provider[\"registry.terraform.io/hashicorp/aws\"]",
      "instances": [
        {
          "schema_version": 0,
          "attributes": {
            "id": "281555028",
            "json": "{\n  \"Version\": \"2012-10-17\",\n  \"Statement\": [\n    {\n      \"Effect\": \"Allow\",\n      \"Action\": \"sts:AssumeRoleWithWebIdentity\",\n      \"Principal\": {\n        \"Federated\": \"arn:aws:iam::711387138131:oidc-provider/oidc.eks.us-west-2.amazonaws.com/id/0F03A934BFEBC6DE6D5BD37DE34331CA\"\n      },\n      \"Condition\": {\n        \"StringEquals\": {\n          \"oidc.eks.us-west-2.amazonaws.com/id/0F03A934BFEBC6DE6D5BD37DE34331CA:sub\": \"system:serviceaccount:default:fluent-bit\"\n        }\n      }\n    }\n  ]\n}",
            "minified_json": "{\"Version\":\"2012-10-17\",\"Statement\":[{\"Effect\":\"Allow\",\"Action\":\"sts:AssumeRoleWithWebIdentity\",\"Principal\":{\"Federated\":\"arn:aws:iam::711387138131:oidc-provider/oidc.eks.us-west-2.amazonaws.com/id/0F03A934BFEBC6DE6D5BD37DE34331CA\"},\"Condition\":{\"StringEquals\":{\"oidc.eks.us-west-2.amazonaws.com/id/0F03A934BFEBC6DE6D5BD37DE34331CA:sub\":\"system:serviceaccount:default:fluent-bit\"}}}]}",
            "override_json": null,
            "override_policy_documents": null,
            "policy_id": null,
            "source_json": null,
            "source_policy_documents": null,
            "statement": [
              {
                "actions": [
                  "sts:AssumeRoleWithWebIdentity"
                ],
                "condition": [
                  {
                    "test": "StringEquals",
                    "values": [
                      "system:serviceaccount:default:fluent-bit"
                    ],
                    "variable": "oidc.eks.us-west-2.amazonaws.com/id/0F03A934BFEBC6DE6D5BD37DE34331CA:sub"
                  }
                ],
                "effect": "Allow",
                "not_actions": [],
                "not_principals": [],
                "not_resources": [],
                "principals": [
                  {
                    "identifiers": [
                      "arn:aws:iam::711387138131:oidc-provider/oidc.eks.us-west-2.amazonaws.com/id/0F03A934BFEBC6DE6D5BD37DE34331CA"
                    ],
                    "type": "Federated"
                  }
                ],
                "resources": [],
                "sid": ""
              }
            ],
            "version": "2012-10-17"
          },
          "sensitive_attributes": []
        }
      ]
    },
    {
      "module": "module.max_weather",
      "mode": "data",
      "type": "aws_iam_policy_document",
      "name": "eks_cluster_autoscaler_assume_role_policy",
      "provider": "provider[\"registry.terraform.io/hashicorp/aws\"]",
      "instances": [
        {
          "schema_version": 0,
          "attributes": {
            "id": "2331801660",
            "json": "{\n  \"Version\": \"2012-10-17\",\n  \"Statement\": [\n    {\n      \"Effect\": \"Allow\",\n      \"Action\": \"sts:AssumeRoleWithWebIdentity\",\n      \"Principal\": {\n        \"Federated\": \"arn:aws:iam::711387138131:oidc-provider/oidc.eks.us-west-2.amazonaws.com/id/0F03A934BFEBC6DE6D5BD37DE34331CA\"\n      },\n      \"Condition\": {\n        \"StringEquals\": {\n          \"oidc.eks.us-west-2.amazonaws.com/id/0F03A934BFEBC6DE6D5BD37DE34331CA:sub\": \"system:serviceaccount:kube-system:autoscaler-aws-cluster-autoscaler\"\n        }\n      }\n    }\n  ]\n}",
            "minified_json": "{\"Version\":\"2012-10-17\",\"Statement\":[{\"Effect\":\"Allow\",\"Action\":\"sts:AssumeRoleWithWebIdentity\",\"Principal\":{\"Federated\":\"arn:aws:iam::711387138131:oidc-provider/oidc.eks.us-west-2.amazonaws.com/id/0F03A934BFEBC6DE6D5BD37DE34331CA\"},\"Condition\":{\"StringEquals\":{\"oidc.eks.us-west-2.amazonaws.com/id/0F03A934BFEBC6DE6D5BD37DE34331CA:sub\":\"system:serviceaccount:kube-system:autoscaler-aws-cluster-autoscaler\"}}}]}",
            "override_json": null,
            "override_policy_documents": null,
            "policy_id": null,
            "source_json": null,
            "source_policy_documents": null,
            "statement": [
              {
                "actions": [
                  "sts:AssumeRoleWithWebIdentity"
                ],
                "condition": [
                  {
                    "test": "StringEquals",
                    "values": [
                      "system:serviceaccount:kube-system:autoscaler-aws-cluster-autoscaler"
                    ],
                    "variable": "oidc.eks.us-west-2.amazonaws.com/id/0F03A934BFEBC6DE6D5BD37DE34331CA:sub"
                  }
                ],
                "effect": "Allow",
                "not_actions": [],
                "not_principals": [],
                "not_resources": [],
                "principals": [
                  {
                    "identifiers": [
                      "arn:aws:iam::711387138131:oidc-provider/oidc.eks.us-west-2.amazonaws.com/id/0F03A934BFEBC6DE6D5BD37DE34331CA"
                    ],
                    "type": "Federated"
                  }
                ],
                "resources": [],
                "sid": ""
              }
            ],
            "version": "2012-10-17"
          },
          "sensitive_attributes": []
        }
      ]
    },
    {
      "module": "module.max_weather",
      "mode": "data",
      "type": "tls_certificate",
      "name": "eks",
      "provider": "provider[\"registry.terraform.io/hashicorp/tls\"]",
      "instances": [
        {
          "schema_version": 0,
          "attributes": {
            "certificates": [
              {
                "cert_pem": "-----BEGIN CERTIFICATE-----\nMIIEdTCCA12gAwIBAgIJAKcOSkw0grd/MA0GCSqGSIb3DQEBCwUAMGgxCzAJBgNV\nBAYTAlVTMSUwIwYDVQQKExxTdGFyZmllbGQgVGVjaG5vbG9naWVzLCBJbmMuMTIw\nMAYDVQQLEylTdGFyZmllbGQgQ2xhc3MgMiBDZXJ0aWZpY2F0aW9uIEF1dGhvcml0\neTAeFw0wOTA5MDIwMDAwMDBaFw0zNDA2MjgxNzM5MTZaMIGYMQswCQYDVQQGEwJV\nUzEQMA4GA1UECBMHQXJpem9uYTETMBEGA1UEBxMKU2NvdHRzZGFsZTElMCMGA1UE\nChMcU3RhcmZpZWxkIFRlY2hub2xvZ2llcywgSW5jLjE7MDkGA1UEAxMyU3RhcmZp\nZWxkIFNlcnZpY2VzIFJvb3QgQ2VydGlmaWNhdGUgQXV0aG9yaXR5IC0gRzIwggEi\nMA0GCSqGSIb3DQEBAQUAA4IBDwAwggEKAoIBAQDVDDrEKvlO4vW+GZdfjohTsR8/\ny8+fIBNtKTrID30892t2OGPZNmCom15cAICyL1l/9of5JUOG52kbUpqQ4XHj2C0N\nTm/2yEnZtvMaVq4rtnQU68/7JuMauh2WLmo7WJSJR1b/JaCTcFOD2oR0FMNnngRo\nOt+OQFodSk7PQ5E751bWAHDLUu57fa4657wx+UX2wmDPE1kCK4DMNEffud6QZW0C\nzyyRpqbn3oUYSXxmTqM6bam17jQuug0DuDPfR+uxa40l2ZvOgdFFRjKWcIfeAg5J\nQ4W2bHO7ZOphQazJ1FTfhy/HIrImzJ9ZVGif/L4qL8RVHHVAYBeFAlU5i38FAgMB\nAAGjgfAwge0wDwYDVR0TAQH/BAUwAwEB/zAOBgNVHQ8BAf8EBAMCAYYwHQYDVR0O\nBBYEFJxfAN+qAdcwKziIorhtSpzyEZGDMB8GA1UdIwQYMBaAFL9ft9HO3R+G9FtV\nrNzXEMIOqYjnME8GCCsGAQUFBwEBBEMwQTAcBggrBgEFBQcwAYYQaHR0cDovL28u\nc3MyLnVzLzAhBggrBgEFBQcwAoYVaHR0cDovL3guc3MyLnVzL3guY2VyMCYGA1Ud\nHwQfMB0wG6AZoBeGFWh0dHA6Ly9zLnNzMi51cy9yLmNybDARBgNVHSAECjAIMAYG\nBFUdIAAwDQYJKoZIhvcNAQELBQADggEBACMd44pXyn3pF3lM8R5V/cxTbj5HD9/G\nVfKyBDbtgB9TxF00KGu+x1X8Z+rLP3+QsjPNG1gQggL4+C/1E2DUBc7xgQjB3ad1\nl08YuW3e95ORCLp+QCztweq7dp4zBncdDQh/U90bZKuCJ/Fp1U1ervShw3WnWEQt\n8jxwmKy6abaVd38PMV4s/KCHOkdp8Hlf9BRUpJVeEXgSYCfOn8J3/yNTd126/+pZ\n59vPr5KW7ySaNRB6nJHGDn2Z9j8Z3/VyVOEVqQdZe4O/Ui5GjLIAZHYcSNPYeehu\nVsyuLAOQ1xk4meTKCRlb/weWsKh/NEnfVqn3sF/tM+2MR7cwA130A4w=\n-----END CERTIFICATE-----\n",
                "is_ca": true,
                "issuer": "OU=Starfield Class 2 Certification Authority,O=Starfield Technologies\\, Inc.,C=US",
                "not_after": "2034-06-28T17:39:16Z",
                "not_before": "2009-09-02T00:00:00Z",
                "public_key_algorithm": "RSA",
                "serial_number": "12037640545166866303",
                "sha1_fingerprint": "9e99a48a9960b14926bb7f3b02e22da2b0ab7280",
                "signature_algorithm": "SHA256-RSA",
                "subject": "CN=Starfield Services Root Certificate Authority - G2,O=Starfield Technologies\\, Inc.,L=Scottsdale,ST=Arizona,C=US",
                "version": 3
              },
              {
                "cert_pem": "-----BEGIN CERTIFICATE-----\nMIIEkjCCA3qgAwIBAgITBn+USionzfP6wq4rAfkI7rnExjANBgkqhkiG9w0BAQsF\nADCBmDELMAkGA1UEBhMCVVMxEDAOBgNVBAgTB0FyaXpvbmExEzARBgNVBAcTClNj\nb3R0c2RhbGUxJTAjBgNVBAoTHFN0YXJmaWVsZCBUZWNobm9sb2dpZXMsIEluYy4x\nOzA5BgNVBAMTMlN0YXJmaWVsZCBTZXJ2aWNlcyBSb290IENlcnRpZmljYXRlIEF1\ndGhvcml0eSAtIEcyMB4XDTE1MDUyNTEyMDAwMFoXDTM3MTIzMTAxMDAwMFowOTEL\nMAkGA1UEBhMCVVMxDzANBgNVBAoTBkFtYXpvbjEZMBcGA1UEAxMQQW1hem9uIFJv\nb3QgQ0EgMTCCASIwDQYJKoZIhvcNAQEBBQADggEPADCCAQoCggEBALJ4gHHKeNXj\nca9HgFB0fW7Y14h29Jlo91ghYPl0hAEvrAIthtOgQ3pOsqTQNroBvo3bSMgHFzZM\n9O6II8c+6zf1tRn4SWiw3te5djgdYZ6k/oI2peVKVuRF4fn9tBb6dNqcmzU5L/qw\nIFAGbHrQgLKm+a/sRxmPUDgH3KKHOVj4utWp+UhnMJbulHheb4mjUcAwhmahRWa6\nVOujw5H5SNz/0egwLX0tdHA114gk957EWW67c4cX8jJGKLhD+rcdqsq08p8kDi1L\n93FcXmn/6pUCyziKrlA4b9v7LWIbxcceVOF34GfID5yHI9Y/QCB/IIDEgEw+OyQm\njgSubJrIqg0CAwEAAaOCATEwggEtMA8GA1UdEwEB/wQFMAMBAf8wDgYDVR0PAQH/\nBAQDAgGGMB0GA1UdDgQWBBSEGMyFNOy8DJSULghZnMeyEE4KCDAfBgNVHSMEGDAW\ngBScXwDfqgHXMCs4iKK4bUqc8hGRgzB4BggrBgEFBQcBAQRsMGowLgYIKwYBBQUH\nMAGGImh0dHA6Ly9vY3NwLnJvb3RnMi5hbWF6b250cnVzdC5jb20wOAYIKwYBBQUH\nMAKGLGh0dHA6Ly9jcnQucm9vdGcyLmFtYXpvbnRydXN0LmNvbS9yb290ZzIuY2Vy\nMD0GA1UdHwQ2MDQwMqAwoC6GLGh0dHA6Ly9jcmwucm9vdGcyLmFtYXpvbnRydXN0\nLmNvbS9yb290ZzIuY3JsMBEGA1UdIAQKMAgwBgYEVR0gADANBgkqhkiG9w0BAQsF\nAAOCAQEAYjdCXLwQtT6LLOkMm2xF4gcAevnFWAu5CIw+7bMlPLVvUOTNNWqnkzSW\nMiGpSESrnO09tKpzbeR/FoCJbM8oAxiDR3mjEH4wW6w7sGDgd9QIpuEdfF7Au/ma\neyKdpwAJfqxGF4PcnCZXmTA5YpaP7dreqsXMGz7KQ2hsVxa81Q4gLv7/wmpdLqBK\nbRRYh5TmOTFffHPLkIhqhBGWJ6bt2YFGpn6jcgAKUj6DiAdjd4lpFw85hdKrCEVN\n0FE6/V1dN2RMfjCyVSRCnTawXZwXgWHxyvkQAiSr6w10kY17RSlQOYiypok1JR4U\nakcjMS9cmvqtmg5iUaQqqcT5NJ0hGA==\n-----END CERTIFICATE-----\n",
                "is_ca": true,
                "issuer": "CN=Starfield Services Root Certificate Authority - G2,O=Starfield Technologies\\, Inc.,L=Scottsdale,ST=Arizona,C=US",
                "not_after": "2037-12-31T01:00:00Z",
                "not_before": "2015-05-25T12:00:00Z",
                "public_key_algorithm": "RSA",
                "serial_number": "144918191876577076464031512351042010504348870",
                "sha1_fingerprint": "06b25927c42a721631c1efd9431e648fa62e1e39",
                "signature_algorithm": "SHA256-RSA",
                "subject": "CN=Amazon Root CA 1,O=Amazon,C=US",
                "version": 3
              },
              {
                "cert_pem": "-----BEGIN CERTIFICATE-----\nMIIEXjCCA0agAwIBAgITB3MSSkvL1E7HtTvq8ZSELToPoTANBgkqhkiG9w0BAQsF\nADA5MQswCQYDVQQGEwJVUzEPMA0GA1UEChMGQW1hem9uMRkwFwYDVQQDExBBbWF6\nb24gUm9vdCBDQSAxMB4XDTIyMDgyMzIyMjUzMFoXDTMwMDgyMzIyMjUzMFowPDEL\nMAkGA1UEBhMCVVMxDzANBgNVBAoTBkFtYXpvbjEcMBoGA1UEAxMTQW1hem9uIFJT\nQSAyMDQ4IE0wMjCCASIwDQYJKoZIhvcNAQEBBQADggEPADCCAQoCggEBALtDGMZa\nqHneKei1by6+pUPPLljTB143Si6VpEWPc6mSkFhZb/6qrkZyoHlQLbDYnI2D7hD0\nsdzEqfnuAjIsuXQLG3A8TvX6V3oFNBFVe8NlLJHvBseKY88saLwufxkZVwk74g4n\nWlNMXzla9Y5F3wwRHwMVH443xGz6UtGSZSqQ94eFx5X7Tlqt8whi8qCaKdZ5rNak\n+r9nUThOeClqFd4oXych//Rc7Y0eX1KNWHYSI1Nk31mYgiK3JvH063g+K9tHA63Z\neTgKgndlh+WI+zv7i44HepRZjA1FYwYZ9Vv/9UkC5Yz8/yU65fgjaE+wVHM4e/Yy\nC2osrPWE7gJ+dXMCAwEAAaOCAVowggFWMBIGA1UdEwEB/wQIMAYBAf8CAQAwDgYD\nVR0PAQH/BAQDAgGGMB0GA1UdJQQWMBQGCCsGAQUFBwMBBggrBgEFBQcDAjAdBgNV\nHQ4EFgQUwDFSzVpQw4J8dHHOy+mc+XrrguIwHwYDVR0jBBgwFoAUhBjMhTTsvAyU\nlC4IWZzHshBOCggwewYIKwYBBQUHAQEEbzBtMC8GCCsGAQUFBzABhiNodHRwOi8v\nb2NzcC5yb290Y2ExLmFtYXpvbnRydXN0LmNvbTA6BggrBgEFBQcwAoYuaHR0cDov\nL2NydC5yb290Y2ExLmFtYXpvbnRydXN0LmNvbS9yb290Y2ExLmNlcjA/BgNVHR8E\nODA2MDSgMqAwhi5odHRwOi8vY3JsLnJvb3RjYTEuYW1hem9udHJ1c3QuY29tL3Jv\nb3RjYTEuY3JsMBMGA1UdIAQMMAowCAYGZ4EMAQIBMA0GCSqGSIb3DQEBCwUAA4IB\nAQAtTi6Fs0Azfi+iwm7jrz+CSxHH+uHl7Law3MQSXVtR8RV53PtR6r/6gNpqlzdo\nZq4FKbADi1v9Bun8RY8D51uedRfjsbeodizeBB8nXmeyD33Ep7VATj4ozcd31YFV\nfgRhvTSxNrrTlNpWkUk0m3BMPv8sg381HhA6uEYokE5q9uws/3YkKqRiEz3TsaWm\nJqIRZhMbgAfp7O7FUwFIb7UIspogZSKxPIWJpxiPo3TcBambbVtQOcNRWz5qCQdD\nslI2yayq0n2TXoHyNCLEH8rpsJRVILFsg0jc7BaFrMnF462+ajSehgj12IidNeRN\n4zl+EoNaWdpnWndvSpAEkq2P\n-----END CERTIFICATE-----\n",
                "is_ca": true,
                "issuer": "CN=Amazon Root CA 1,O=Amazon,C=US",
                "not_after": "2030-08-23T22:25:30Z",
                "not_before": "2022-08-23T22:25:30Z",
                "public_key_algorithm": "RSA",
                "serial_number": "166129353110899469622597955040406457904926625",
                "sha1_fingerprint": "414a2060b738c635cc7fc243e052615592830c53",
                "signature_algorithm": "SHA256-RSA",
                "subject": "CN=Amazon RSA 2048 M02,O=Amazon,C=US",
                "version": 3
              },
              {
                "cert_pem": "-----BEGIN CERTIFICATE-----\nMIIF5TCCBM2gAwIBAgIQDsWM2D5RSLl7IRD58Bp6DzANBgkqhkiG9w0BAQsFADA8\nMQswCQYDVQQGEwJVUzEPMA0GA1UEChMGQW1hem9uMRwwGgYDVQQDExNBbWF6b24g\nUlNBIDIwNDggTTAyMB4XDTI0MDQwMTAwMDAwMFoXDTI1MDQzMDIzNTk1OVowKDEm\nMCQGA1UEAwwdKi5la3MudXMtd2VzdC0yLmFtYXpvbmF3cy5jb20wggEiMA0GCSqG\nSIb3DQEBAQUAA4IBDwAwggEKAoIBAQDX5xeQmZmCHJG/Hd1k93EKIB8aJgqMBjV8\nhK/mr1q0NT//Sv1xJGaZELpdUh1rAYUSSGUs0rRC8+vugtpzOMJ6asPo4KFOxfBe\neq+QZddyw7yay4RaywlHlBuvqhZkMcTyie3Bw08EnKct7xPKcn11cFHf5Uef1Q+G\nLyWJealim9xLyaSZ3VdKswDVn4YrqWaCi89RgngtldUTpTBBOr52C6ZOcaAPZj7L\nMkui4/kC4dTtnCKJKmVKT1gnbKK/bcH3G63M2EOSjhR1JFMyTNBs0UNfDqVFnpIB\ngc6antQWJ1z5BpiejH0HJlDBfa4JJ9LSbSSl4oSnW1m5FWgOP6TrAgMBAAGjggL1\nMIIC8TAfBgNVHSMEGDAWgBTAMVLNWlDDgnx0cc7L6Zz5euuC4jAdBgNVHQ4EFgQU\niV25OQVdcpXV1bT71pUVtEYNuiAwKAYDVR0RBCEwH4IdKi5la3MudXMtd2VzdC0y\nLmFtYXpvbmF3cy5jb20wEwYDVR0gBAwwCjAIBgZngQwBAgEwDgYDVR0PAQH/BAQD\nAgWgMB0GA1UdJQQWMBQGCCsGAQUFBwMBBggrBgEFBQcDAjA7BgNVHR8ENDAyMDCg\nLqAshipodHRwOi8vY3JsLnIybTAyLmFtYXpvbnRydXN0LmNvbS9yMm0wMi5jcmww\ndQYIKwYBBQUHAQEEaTBnMC0GCCsGAQUFBzABhiFodHRwOi8vb2NzcC5yMm0wMi5h\nbWF6b250cnVzdC5jb20wNgYIKwYBBQUHMAKGKmh0dHA6Ly9jcnQucjJtMDIuYW1h\nem9udHJ1c3QuY29tL3IybTAyLmNlcjAMBgNVHRMBAf8EAjAAMIIBfQYKKwYBBAHW\neQIEAgSCAW0EggFpAWcAdgDPEVbu1S58r/OHW9lpLpvpGnFnSrAX7KwB0lt3zsw7\nCAAAAY6aMr/xAAAEAwBHMEUCIEkz4BRPTftldFZ3x7B3K5F91iqxjGZKYVBh7ChF\nWMa1AiEA5Tac6flLFvDsSI9OprjWela3qTk8/meb1i4aTt4vLYUAdgB9WR4S4Xgq\nexxhZ3xe/fjQh1wUoE6VnrkDL9kOjC55uAAAAY6aMr+zAAAEAwBHMEUCIHFcffDz\nLXWVRQA1pu63XR9odC62oKPm00qYSEcIK9QhAiEAze+8hnlqBtqAkdLRW9KmBL2Q\n2el9UwkvdmiqSsAySBUAdQDm0jFjQHeMwRBBBtdxuc7B0kD2loSG+7qHMh39HjeO\nUAAAAY6aMr/EAAAEAwBGMEQCIG2ekWjuvM0A2NoQe7pGojHoYAyYK8+bISkAyTdC\n6HPBAiBR67wkUrGGjfMaD8cy2nBhuThBMB8kOZLm5YOegGDGyzANBgkqhkiG9w0B\nAQsFAAOCAQEAeNiU5fLVKMSwpzjtYMfCydbBJhmcbzBC81zZLFMETCoDT2gnJrEm\n86kN44ZMOonuECEs3n++I2lMoslsdXRevU7EZ4Jo8imOVy0Is05ffbfnv294viuG\nB23hMe9JQMVBuQzDyoUvBUhcJIxk7hQoFGjckh2P7km4HmH/0vZV13Lhrat9kws4\n3PzywHbzV5SsyOCszZFAowzsUaakhlBXOj++OeCTViHTLixywNhrA2n+21yCTVAj\nXAfc6i0YQ/B17FKkYlH/L5ZNl0UdXaW79LobdZdIsCfqOweGjUxLB/pWz2rK4JPI\nqBir/DrLGniJB5oLDg9DfN3gmRp6oWwWTw==\n-----END CERTIFICATE-----\n",
                "is_ca": false,
                "issuer": "CN=Amazon RSA 2048 M02,O=Amazon,C=US",
                "not_after": "2025-04-30T23:59:59Z",
                "not_before": "2024-04-01T00:00:00Z",
                "public_key_algorithm": "RSA",
                "serial_number": "19634931092034134610649070322822314511",
                "sha1_fingerprint": "3934cf57a95810cf5b7a7ce04dbb323fdb9a41a7",
                "signature_algorithm": "SHA256-RSA",
                "subject": "CN=*.eks.us-west-2.amazonaws.com",
                "version": 3
              }
            ],
            "content": null,
            "id": "9ce40dc2a049cbf871181c1b9ce87cb4fcc34109",
            "url": "https://oidc.eks.us-west-2.amazonaws.com/id/0F03A934BFEBC6DE6D5BD37DE34331CA",
            "verify_chain": true
          },
          "sensitive_attributes": []
        }
      ]
    },
    {
      "module": "module.max_weather",
      "mode": "managed",
      "type": "aws_cloudwatch_log_group",
      "name": "test",
      "provider": "provider[\"registry.terraform.io/hashicorp/aws\"]",
      "instances": [
        {
          "schema_version": 0,
          "attributes": {
            "arn": "arn:aws:logs:us-west-2:711387138131:log-group:test",
            "id": "test",
            "kms_key_id": "",
            "log_group_class": "STANDARD",
            "name": "test",
            "name_prefix": "",
            "retention_in_days": 0,
            "skip_destroy": false,
            "tags": {
              "Application": "maxweather",
              "Environment": "production"
            },
            "tags_all": {
              "Application": "maxweather",
              "Environment": "production"
            }
          },
          "sensitive_attributes": [],
          "private": "bnVsbA=="
        }
      ]
    },
    {
      "module": "module.max_weather",
      "mode": "managed",
      "type": "aws_ecr_repository",
      "name": "ecr",
      "provider": "provider[\"registry.terraform.io/hashicorp/aws\"]",
      "instances": [
        {
          "schema_version": 0,
          "attributes": {
            "arn": "arn:aws:ecr:us-west-2:711387138131:repository/test",
            "encryption_configuration": [
              {
                "encryption_type": "AES256",
                "kms_key": ""
              }
            ],
            "force_delete": null,
            "id": "test",
            "image_scanning_configuration": [
              {
                "scan_on_push": true
              }
            ],
            "image_tag_mutability": "MUTABLE",
            "name": "test",
            "registry_id": "711387138131",
            "repository_url": "711387138131.dkr.ecr.us-west-2.amazonaws.com/test",
            "tags": {},
            "tags_all": {},
            "timeouts": null
          },
          "sensitive_attributes": [],
          "private": "eyJlMmJmYjczMC1lY2FhLTExZTYtOGY4OC0zNDM2M2JjN2M0YzAiOnsiZGVsZXRlIjoxMjAwMDAwMDAwMDAwfX0="
        }
      ]
    },
    {
      "module": "module.max_weather",
      "mode": "managed",
      "type": "aws_eks_cluster",
      "name": "cluster",
      "provider": "provider[\"registry.terraform.io/hashicorp/aws\"]",
      "instances": [
        {
          "schema_version": 1,
          "attributes": {
            "access_config": [
              {
                "authentication_mode": "CONFIG_MAP",
                "bootstrap_cluster_creator_admin_permissions": true
              }
            ],
            "arn": "arn:aws:eks:us-west-2:711387138131:cluster/test",
            "bootstrap_self_managed_addons": true,
            "certificate_authority": [
              {
                "data": "LS0tLS1CRUdJTiBDRVJUSUZJQ0FURS0tLS0tCk1JSURCVENDQWUyZ0F3SUJBZ0lJSXFmNjQydWo0eGt3RFFZSktvWklodmNOQVFFTEJRQXdGVEVUTUJFR0ExVUUKQXhNS2EzVmlaWEp1WlhSbGN6QWVGdzB5TkRFeE1UQXdPREU1TXpOYUZ3MHpOREV4TURnd09ESTBNek5hTUJVeApFekFSQmdOVkJBTVRDbXQxWW1WeWJtVjBaWE13Z2dFaU1BMEdDU3FHU0liM0RRRUJBUVVBQTRJQkR3QXdnZ0VLCkFvSUJBUUNjYTMwOE9UMUU5ZXJpYWdTZEprb2V2dEFvRkpjRHFLZWtzY0RTamkrMWdiSTBEVUVWOHM2OFN1K1AKZFAxNTNSRGdwZTdSVXpxWE1UVkI1QnlZa01BWE1VUStQUkMvc1BIanc2K3VJbytDMktIT1c5cXB2NUY1YzhyOQp4RU00R2pIeFJoSmVFUW1BclNmRE9oNTJzVWx0ZVp6RmRaZTBUZW1zcFJVaTRaZlh0Uk9BUmpXNDArVlVUd1N0CjBydmEzc2pjcUp1RTl3emJRRFc2RmhxUzU2NEQyUUhqbDZFeXBieTVJZFZTb3ZwY1V5S0d0VnhMbWIzbkU1b1YKeXlkOEhaVUc1M0d4UzE0dC9QT1F6eFdoMzM0bmFMcWh6d0JpRDQ5UUVvY3IvTlFFTUM5azhpRW1LNVVCOGdhegpzanI5QWNmNUtRL1N2MGF3Y21JclFDekViWHVwQWdNQkFBR2pXVEJYTUE0R0ExVWREd0VCL3dRRUF3SUNwREFQCkJnTlZIUk1CQWY4RUJUQURBUUgvTUIwR0ExVWREZ1FXQkJTV0tWUnlpbEhPVzhuU0E0UVVpUXJGWUNWbVl6QVYKQmdOVkhSRUVEakFNZ2dwcmRXSmxjbTVsZEdWek1BMEdDU3FHU0liM0RRRUJDd1VBQTRJQkFRQXdISHQvK01YRAp3Qm11NWpBL1pSdklIa0xENVZyeDJqOW5SMlBFN3BkZ29KYlBIL2swV21kMGZxUCtuM3FrbjVPLzZOMG1LNk9RCkpiT3JNR1dIYStCaDF4NkQvaElYa3ovMDZpYjMrQ1JzTVV5TGpxKytBMTBYY3V3NitBTmJKVUFMVnJBVThjSzYKRWMvVEt0ZVo0cGZJbmdRTlNYTHl2UGRGU1JmV3pxRmxQYmtNeGVpcU45TXVjcHI2SDF3MjQ5MG1kVko2eGdrcApsT2c4dmpGTS9BQWlkd0diSjlWUTQ5eVJpejZmTXRJcTlJYS9Mci84U295ZE9ySnBISlcvRWZ4SUc0Yml6Qi9JCktVem1ZWFhuemZUNWgwd1VCejdwZ29MYUU3aEpiVlI5MkFEc3M3RGVFdTZIbnpYTzN4Zk14djlFbHR3a0M4SmEKQ01oVHFLWHhzbzVoCi0tLS0tRU5EIENFUlRJRklDQVRFLS0tLS0K"
              }
            ],
            "cluster_id": null,
            "created_at": "2024-11-10T08:19:35Z",
            "enabled_cluster_log_types": [],
            "encryption_config": [],
            "endpoint": "https://0F03A934BFEBC6DE6D5BD37DE34331CA.gr7.us-west-2.eks.amazonaws.com",
            "id": "test",
            "identity": [
              {
                "oidc": [
                  {
                    "issuer": "https://oidc.eks.us-west-2.amazonaws.com/id/0F03A934BFEBC6DE6D5BD37DE34331CA"
                  }
                ]
              }
            ],
            "kubernetes_network_config": [
              {
                "ip_family": "ipv4",
                "service_ipv4_cidr": "172.20.0.0/16",
                "service_ipv6_cidr": ""
              }
            ],
            "name": "test",
            "outpost_config": [],
            "platform_version": "eks.10",
            "role_arn": "arn:aws:iam::711387138131:role/eks-cluster-role",
            "status": "ACTIVE",
            "tags": {},
            "tags_all": {},
            "timeouts": null,
            "upgrade_policy": [
              {
                "support_type": "EXTENDED"
              }
            ],
            "version": "1.31",
            "vpc_config": [
              {
                "cluster_security_group_id": "sg-085d5adf468e4de8b",
                "endpoint_private_access": true,
                "endpoint_public_access": true,
                "public_access_cidrs": [
                  "0.0.0.0/0"
                ],
                "security_group_ids": [],
                "subnet_ids": [
                  "subnet-03ced914179f70eee",
                  "subnet-072c72b0cb65ffa46"
                ],
                "vpc_id": "vpc-080e8656fe951e292"
              }
            ],
            "zonal_shift_config": []
          },
          "sensitive_attributes": [],
          "private": "eyJlMmJmYjczMC1lY2FhLTExZTYtOGY4OC0zNDM2M2JjN2M0YzAiOnsiY3JlYXRlIjoxODAwMDAwMDAwMDAwLCJkZWxldGUiOjkwMDAwMDAwMDAwMCwidXBkYXRlIjozNjAwMDAwMDAwMDAwfSwic2NoZW1hX3ZlcnNpb24iOiIxIn0=",
          "dependencies": [
            "module.max_weather.aws_iam_role.eks_cluster_role",
            "module.max_weather.aws_iam_role_policy_attachment.eks_cluster_role-AmazonEKSClusterPolicy",
            "module.max_weather.aws_iam_role_policy_attachment.eks_cluster_role-AmazonEKSVPCResourceController",
            "module.max_weather.aws_subnet.eks_cluster",
            "module.max_weather.aws_vpc.vpc",
            "module.max_weather.aws_vpc_ipam.vpc_ipam",
            "module.max_weather.aws_vpc_ipam_pool.vpc_ipam_pool",
            "module.max_weather.aws_vpc_ipam_pool_cidr.vpc_ipam_pool_cidr",
            "module.max_weather.data.aws_iam_policy_document.assume_role"
          ]
        }
      ]
    },
    {
      "module": "module.max_weather",
      "mode": "managed",
      "type": "aws_eks_node_group",
      "name": "eks_node",
      "provider": "provider[\"registry.terraform.io/hashicorp/aws\"]",
      "instances": [
        {
          "index_key": "app",
          "schema_version": 0,
          "attributes": {
            "ami_type": "AL2023_x86_64_STANDARD",
            "arn": "arn:aws:eks:us-west-2:711387138131:nodegroup/test/app/94c98c82-fcbb-739a-19dc-5bd4491bb6b0",
            "capacity_type": "ON_DEMAND",
            "cluster_name": "test",
            "disk_size": 20,
            "force_update_version": null,
            "id": "test:app",
            "instance_types": [
              "t3.medium"
            ],
            "labels": {
              "node": "app"
            },
            "launch_template": [],
            "node_group_name": "app",
            "node_group_name_prefix": "",
            "node_role_arn": "arn:aws:iam::711387138131:role/eks_nodegroup_role",
            "release_version": "1.31.0-20241106",
            "remote_access": [],
            "resources": [
              {
                "autoscaling_groups": [
                  {
                    "name": "eks-app-94c98c82-fcbb-739a-19dc-5bd4491bb6b0"
                  }
                ],
                "remote_access_security_group_id": ""
              }
            ],
            "scaling_config": [
              {
                "desired_size": 2,
                "max_size": 3,
                "min_size": 0
              }
            ],
            "status": "ACTIVE",
            "subnet_ids": [
              "subnet-0411abe67d18bf720"
            ],
            "tags": {
              "k8s.io/cluster-autoscaler/enabled": "true",
              "k8s.io/cluster-autoscaler/test": "owned"
            },
            "tags_all": {
              "k8s.io/cluster-autoscaler/enabled": "true",
              "k8s.io/cluster-autoscaler/test": "owned"
            },
            "taint": [],
            "timeouts": null,
            "update_config": [
              {
                "max_unavailable": 1,
                "max_unavailable_percentage": 0
              }
            ],
            "version": "1.31"
          },
          "sensitive_attributes": [],
          "private": "eyJlMmJmYjczMC1lY2FhLTExZTYtOGY4OC0zNDM2M2JjN2M0YzAiOnsiY3JlYXRlIjozNjAwMDAwMDAwMDAwLCJkZWxldGUiOjM2MDAwMDAwMDAwMDAsInVwZGF0ZSI6MzYwMDAwMDAwMDAwMH19",
          "dependencies": [
            "module.max_weather.aws_eks_cluster.cluster",
            "module.max_weather.aws_iam_role.eks_cluster_role",
            "module.max_weather.aws_iam_role.eks_nodegroup_role",
            "module.max_weather.aws_iam_role_policy_attachment.eks_cluster_role-AmazonEKSClusterPolicy",
            "module.max_weather.aws_iam_role_policy_attachment.eks_cluster_role-AmazonEKSVPCResourceController",
            "module.max_weather.aws_iam_role_policy_attachment.eks_nodegroup_role-AmazonEC2ContainerRegistryReadOnly",
            "module.max_weather.aws_iam_role_policy_attachment.eks_nodegroup_role-AmazonEKSWorkerNodePolicy",
            "module.max_weather.aws_iam_role_policy_attachment.eks_nodegroup_role-AmazonEKS_CNI_Policy",
            "module.max_weather.aws_subnet.eks_cluster",
            "module.max_weather.aws_subnet.eks_nodegroup",
            "module.max_weather.aws_vpc.vpc",
            "module.max_weather.aws_vpc_ipam.vpc_ipam",
            "module.max_weather.aws_vpc_ipam_pool.vpc_ipam_pool",
            "module.max_weather.aws_vpc_ipam_pool_cidr.vpc_ipam_pool_cidr",
            "module.max_weather.data.aws_iam_policy_document.assume_role"
          ]
        },
        {
          "index_key": "jenkins",
          "schema_version": 0,
          "attributes": {
            "ami_type": "AL2023_x86_64_STANDARD",
            "arn": "arn:aws:eks:us-west-2:711387138131:nodegroup/test/jenkins/00c98c8a-5481-20e6-ad0a-f2c619957f0c",
            "capacity_type": "ON_DEMAND",
            "cluster_name": "test",
            "disk_size": 20,
            "force_update_version": null,
            "id": "test:jenkins",
            "instance_types": [
              "t3.medium"
            ],
            "labels": {
              "node": "jenkins"
            },
            "launch_template": [],
            "node_group_name": "jenkins",
            "node_group_name_prefix": "",
            "node_role_arn": "arn:aws:iam::711387138131:role/eks_nodegroup_role",
            "release_version": "1.31.0-20241106",
            "remote_access": [],
            "resources": [
              {
                "autoscaling_groups": [
                  {
                    "name": "eks-jenkins-00c98c8a-5481-20e6-ad0a-f2c619957f0c"
                  }
                ],
                "remote_access_security_group_id": ""
              }
            ],
            "scaling_config": [
              {
                "desired_size": 1,
                "max_size": 3,
                "min_size": 0
              }
            ],
            "status": "ACTIVE",
            "subnet_ids": [
              "subnet-0411abe67d18bf720"
            ],
            "tags": {
              "k8s.io/cluster-autoscaler/enabled": "true",
              "k8s.io/cluster-autoscaler/test": "owned"
            },
            "tags_all": {
              "k8s.io/cluster-autoscaler/enabled": "true",
              "k8s.io/cluster-autoscaler/test": "owned"
            },
            "taint": [],
            "timeouts": null,
            "update_config": [
              {
                "max_unavailable": 1,
                "max_unavailable_percentage": 0
              }
            ],
            "version": "1.31"
          },
          "sensitive_attributes": [],
          "private": "eyJlMmJmYjczMC1lY2FhLTExZTYtOGY4OC0zNDM2M2JjN2M0YzAiOnsiY3JlYXRlIjozNjAwMDAwMDAwMDAwLCJkZWxldGUiOjM2MDAwMDAwMDAwMDAsInVwZGF0ZSI6MzYwMDAwMDAwMDAwMH19",
          "dependencies": [
            "module.max_weather.aws_eks_cluster.cluster",
            "module.max_weather.aws_iam_role.eks_cluster_role",
            "module.max_weather.aws_iam_role.eks_nodegroup_role",
            "module.max_weather.aws_iam_role_policy_attachment.eks_cluster_role-AmazonEKSClusterPolicy",
            "module.max_weather.aws_iam_role_policy_attachment.eks_cluster_role-AmazonEKSVPCResourceController",
            "module.max_weather.aws_iam_role_policy_attachment.eks_nodegroup_role-AmazonEC2ContainerRegistryReadOnly",
            "module.max_weather.aws_iam_role_policy_attachment.eks_nodegroup_role-AmazonEKSWorkerNodePolicy",
            "module.max_weather.aws_iam_role_policy_attachment.eks_nodegroup_role-AmazonEKS_CNI_Policy",
            "module.max_weather.aws_subnet.eks_cluster",
            "module.max_weather.aws_subnet.eks_nodegroup",
            "module.max_weather.aws_vpc.vpc",
            "module.max_weather.aws_vpc_ipam.vpc_ipam",
            "module.max_weather.aws_vpc_ipam_pool.vpc_ipam_pool",
            "module.max_weather.aws_vpc_ipam_pool_cidr.vpc_ipam_pool_cidr",
            "module.max_weather.data.aws_iam_policy_document.assume_role"
          ]
        }
      ]
    },
    {
      "module": "module.max_weather",
      "mode": "managed",
      "type": "aws_iam_openid_connect_provider",
      "name": "eks",
      "provider": "provider[\"registry.terraform.io/hashicorp/aws\"]",
      "instances": [
        {
          "schema_version": 0,
          "attributes": {
            "arn": "arn:aws:iam::711387138131:oidc-provider/oidc.eks.us-west-2.amazonaws.com/id/0F03A934BFEBC6DE6D5BD37DE34331CA",
            "client_id_list": [
              "sts.amazonaws.com"
            ],
            "id": "arn:aws:iam::711387138131:oidc-provider/oidc.eks.us-west-2.amazonaws.com/id/0F03A934BFEBC6DE6D5BD37DE34331CA",
            "tags": {},
            "tags_all": {},
            "thumbprint_list": [
              "9e99a48a9960b14926bb7f3b02e22da2b0ab7280"
            ],
            "url": "oidc.eks.us-west-2.amazonaws.com/id/0F03A934BFEBC6DE6D5BD37DE34331CA"
          },
          "sensitive_attributes": [],
          "private": "bnVsbA==",
          "dependencies": [
            "module.max_weather.aws_eks_cluster.cluster",
            "module.max_weather.aws_iam_role.eks_cluster_role",
            "module.max_weather.aws_iam_role_policy_attachment.eks_cluster_role-AmazonEKSClusterPolicy",
            "module.max_weather.aws_iam_role_policy_attachment.eks_cluster_role-AmazonEKSVPCResourceController",
            "module.max_weather.aws_subnet.eks_cluster",
            "module.max_weather.aws_vpc.vpc",
            "module.max_weather.aws_vpc_ipam.vpc_ipam",
            "module.max_weather.aws_vpc_ipam_pool.vpc_ipam_pool",
            "module.max_weather.aws_vpc_ipam_pool_cidr.vpc_ipam_pool_cidr",
            "module.max_weather.data.aws_iam_policy_document.assume_role",
            "module.max_weather.data.tls_certificate.eks"
          ]
        }
      ]
    },
    {
      "module": "module.max_weather",
      "mode": "managed",
      "type": "aws_iam_policy",
      "name": "aws-load-balancer-controller",
      "provider": "provider[\"registry.terraform.io/hashicorp/aws\"]",
      "instances": [
        {
          "schema_version": 0,
          "attributes": {
            "arn": "arn:aws:iam::711387138131:policy/aws-load-balancer-controller",
            "attachment_count": 1,
            "description": "Policy for the AWS Load Balancer Controller",
            "id": "arn:aws:iam::711387138131:policy/aws-load-balancer-controller",
            "name": "aws-load-balancer-controller",
            "name_prefix": "",
            "path": "/",
            "policy": "{\"Statement\":[{\"Action\":[\"iam:CreateServiceLinkedRole\"],\"Condition\":{\"StringEquals\":{\"iam:AWSServiceName\":\"elasticloadbalancing.amazonaws.com\"}},\"Effect\":\"Allow\",\"Resource\":\"*\"},{\"Action\":[\"ec2:DescribeAccountAttributes\",\"ec2:DescribeAddresses\",\"ec2:DescribeAvailabilityZones\",\"ec2:DescribeInternetGateways\",\"ec2:DescribeVpcs\",\"ec2:DescribeVpcPeeringConnections\",\"ec2:DescribeSubnets\",\"ec2:DescribeSecurityGroups\",\"ec2:DescribeInstances\",\"ec2:DescribeNetworkInterfaces\",\"ec2:DescribeTags\",\"ec2:GetCoipPoolUsage\",\"ec2:DescribeCoipPools\",\"ec2:GetSecurityGroupsForVpc\",\"elasticloadbalancing:DescribeLoadBalancers\",\"elasticloadbalancing:DescribeLoadBalancerAttributes\",\"elasticloadbalancing:DescribeListeners\",\"elasticloadbalancing:DescribeListenerCertificates\",\"elasticloadbalancing:DescribeSSLPolicies\",\"elasticloadbalancing:DescribeRules\",\"elasticloadbalancing:DescribeTargetGroups\",\"elasticloadbalancing:DescribeTargetGroupAttributes\",\"elasticloadbalancing:DescribeTargetHealth\",\"elasticloadbalancing:DescribeTags\",\"elasticloadbalancing:DescribeTrustStores\",\"elasticloadbalancing:DescribeListenerAttributes\"],\"Effect\":\"Allow\",\"Resource\":\"*\"},{\"Action\":[\"cognito-idp:DescribeUserPoolClient\",\"acm:ListCertificates\",\"acm:DescribeCertificate\",\"iam:ListServerCertificates\",\"iam:GetServerCertificate\",\"waf-regional:GetWebACL\",\"waf-regional:GetWebACLForResource\",\"waf-regional:AssociateWebACL\",\"waf-regional:DisassociateWebACL\",\"wafv2:GetWebACL\",\"wafv2:GetWebACLForResource\",\"wafv2:AssociateWebACL\",\"wafv2:DisassociateWebACL\",\"shield:GetSubscriptionState\",\"shield:DescribeProtection\",\"shield:CreateProtection\",\"shield:DeleteProtection\"],\"Effect\":\"Allow\",\"Resource\":\"*\"},{\"Action\":[\"ec2:AuthorizeSecurityGroupIngress\",\"ec2:RevokeSecurityGroupIngress\"],\"Effect\":\"Allow\",\"Resource\":\"*\"},{\"Action\":[\"ec2:CreateSecurityGroup\"],\"Effect\":\"Allow\",\"Resource\":\"*\"},{\"Action\":[\"ec2:CreateTags\"],\"Condition\":{\"Null\":{\"aws:RequestTag/elbv2.k8s.aws/cluster\":\"false\"},\"StringEquals\":{\"ec2:CreateAction\":\"CreateSecurityGroup\"}},\"Effect\":\"Allow\",\"Resource\":\"arn:aws:ec2:*:*:security-group/*\"},{\"Action\":[\"ec2:CreateTags\",\"ec2:DeleteTags\"],\"Condition\":{\"Null\":{\"aws:RequestTag/elbv2.k8s.aws/cluster\":\"true\",\"aws:ResourceTag/elbv2.k8s.aws/cluster\":\"false\"}},\"Effect\":\"Allow\",\"Resource\":\"arn:aws:ec2:*:*:security-group/*\"},{\"Action\":[\"ec2:AuthorizeSecurityGroupIngress\",\"ec2:RevokeSecurityGroupIngress\",\"ec2:DeleteSecurityGroup\"],\"Condition\":{\"Null\":{\"aws:ResourceTag/elbv2.k8s.aws/cluster\":\"false\"}},\"Effect\":\"Allow\",\"Resource\":\"*\"},{\"Action\":[\"elasticloadbalancing:CreateLoadBalancer\",\"elasticloadbalancing:CreateTargetGroup\"],\"Condition\":{\"Null\":{\"aws:RequestTag/elbv2.k8s.aws/cluster\":\"false\"}},\"Effect\":\"Allow\",\"Resource\":\"*\"},{\"Action\":[\"elasticloadbalancing:CreateListener\",\"elasticloadbalancing:DeleteListener\",\"elasticloadbalancing:CreateRule\",\"elasticloadbalancing:DeleteRule\"],\"Effect\":\"Allow\",\"Resource\":\"*\"},{\"Action\":[\"elasticloadbalancing:AddTags\",\"elasticloadbalancing:RemoveTags\"],\"Condition\":{\"Null\":{\"aws:RequestTag/elbv2.k8s.aws/cluster\":\"true\",\"aws:ResourceTag/elbv2.k8s.aws/cluster\":\"false\"}},\"Effect\":\"Allow\",\"Resource\":[\"arn:aws:elasticloadbalancing:*:*:targetgroup/*/*\",\"arn:aws:elasticloadbalancing:*:*:loadbalancer/net/*/*\",\"arn:aws:elasticloadbalancing:*:*:loadbalancer/app/*/*\"]},{\"Action\":[\"elasticloadbalancing:AddTags\",\"elasticloadbalancing:RemoveTags\"],\"Effect\":\"Allow\",\"Resource\":[\"arn:aws:elasticloadbalancing:*:*:listener/net/*/*/*\",\"arn:aws:elasticloadbalancing:*:*:listener/app/*/*/*\",\"arn:aws:elasticloadbalancing:*:*:listener-rule/net/*/*/*\",\"arn:aws:elasticloadbalancing:*:*:listener-rule/app/*/*/*\"]},{\"Action\":[\"elasticloadbalancing:ModifyLoadBalancerAttributes\",\"elasticloadbalancing:SetIpAddressType\",\"elasticloadbalancing:SetSecurityGroups\",\"elasticloadbalancing:SetSubnets\",\"elasticloadbalancing:DeleteLoadBalancer\",\"elasticloadbalancing:ModifyTargetGroup\",\"elasticloadbalancing:ModifyTargetGroupAttributes\",\"elasticloadbalancing:DeleteTargetGroup\",\"elasticloadbalancing:ModifyListenerAttributes\"],\"Condition\":{\"Null\":{\"aws:ResourceTag/elbv2.k8s.aws/cluster\":\"false\"}},\"Effect\":\"Allow\",\"Resource\":\"*\"},{\"Action\":[\"elasticloadbalancing:AddTags\"],\"Condition\":{\"Null\":{\"aws:RequestTag/elbv2.k8s.aws/cluster\":\"false\"},\"StringEquals\":{\"elasticloadbalancing:CreateAction\":[\"CreateTargetGroup\",\"CreateLoadBalancer\"]}},\"Effect\":\"Allow\",\"Resource\":[\"arn:aws:elasticloadbalancing:*:*:targetgroup/*/*\",\"arn:aws:elasticloadbalancing:*:*:loadbalancer/net/*/*\",\"arn:aws:elasticloadbalancing:*:*:loadbalancer/app/*/*\"]},{\"Action\":[\"elasticloadbalancing:RegisterTargets\",\"elasticloadbalancing:DeregisterTargets\"],\"Effect\":\"Allow\",\"Resource\":\"arn:aws:elasticloadbalancing:*:*:targetgroup/*/*\"},{\"Action\":[\"elasticloadbalancing:SetWebAcl\",\"elasticloadbalancing:ModifyListener\",\"elasticloadbalancing:AddListenerCertificates\",\"elasticloadbalancing:RemoveListenerCertificates\",\"elasticloadbalancing:ModifyRule\"],\"Effect\":\"Allow\",\"Resource\":\"*\"}],\"Version\":\"2012-10-17\"}",
            "policy_id": "ANPA2LIP2JBJ7N4OOGBVW",
            "tags": {},
            "tags_all": {}
          },
          "sensitive_attributes": [],
          "private": "bnVsbA=="
        }
      ]
    },
    {
      "module": "module.max_weather",
      "mode": "managed",
      "type": "aws_iam_policy",
      "name": "cloudwatch",
      "provider": "provider[\"registry.terraform.io/hashicorp/aws\"]",
      "instances": [
        {
          "schema_version": 0,
          "attributes": {
            "arn": "arn:aws:iam::711387138131:policy/cloudwatch",
            "attachment_count": 1,
            "description": "Policy for the AWS Load Balancer Controller",
            "id": "arn:aws:iam::711387138131:policy/cloudwatch",
            "name": "cloudwatch",
            "name_prefix": "",
            "path": "/",
            "policy": "{\"Statement\":[{\"Action\":[\"logs:CreateLogStream\",\"logs:CreateLogGroup\",\"logs:PutLogEvents\"],\"Effect\":\"Allow\",\"Resource\":\"*\"}],\"Version\":\"2012-10-17\"}",
            "policy_id": "ANPA2LIP2JBJX6V5Y3QJA",
            "tags": {},
            "tags_all": {}
          },
          "sensitive_attributes": [],
          "private": "bnVsbA=="
        }
      ]
    },
    {
      "module": "module.max_weather",
      "mode": "managed",
      "type": "aws_iam_policy",
      "name": "eks_cluster_autoscaler",
      "provider": "provider[\"registry.terraform.io/hashicorp/aws\"]",
      "instances": [
        {
          "schema_version": 0,
          "attributes": {
            "arn": "arn:aws:iam::711387138131:policy/eks-cluster-autoscaler",
            "attachment_count": 1,
            "description": "",
            "id": "arn:aws:iam::711387138131:policy/eks-cluster-autoscaler",
            "name": "eks-cluster-autoscaler",
            "name_prefix": "",
            "path": "/",
            "policy": "{\"Statement\":[{\"Action\":[\"autoscaling:DescribeAutoScalingGroups\",\"autoscaling:DescribeAutoScalingInstances\",\"autoscaling:DescribeLaunchConfigurations\",\"autoscaling:DescribeTags\",\"autoscaling:SetDesiredCapacity\",\"autoscaling:TerminateInstanceInAutoScalingGroup\",\"ec2:DescribeLaunchTemplateVersions\"],\"Effect\":\"Allow\",\"Resource\":\"*\"},{\"Action\":[\"autoscaling:SetDesiredCapacity\",\"autoscaling:TerminateInstanceInAutoScalingGroup\"],\"Effect\":\"Allow\",\"Resource\":[\"*\"]}],\"Version\":\"2012-10-17\"}",
            "policy_id": "ANPA2LIP2JBJZRV7EJJQ6",
            "tags": {},
            "tags_all": {}
          },
          "sensitive_attributes": [],
          "private": "bnVsbA=="
        }
      ]
    },
    {
      "module": "module.max_weather",
      "mode": "managed",
      "type": "aws_iam_role",
      "name": "aws-load-balancer-controller",
      "provider": "provider[\"registry.terraform.io/hashicorp/aws\"]",
      "instances": [
        {
          "schema_version": 0,
          "attributes": {
            "arn": "arn:aws:iam::711387138131:role/aws-load-balancer-controller",
            "assume_role_policy": "{\"Statement\":[{\"Action\":\"sts:AssumeRoleWithWebIdentity\",\"Condition\":{\"StringEquals\":{\"oidc.eks.us-west-2.amazonaws.com/id/0F03A934BFEBC6DE6D5BD37DE34331CA:sub\":\"system:serviceaccount:kube-system:aws-load-balancer-controller\"}},\"Effect\":\"Allow\",\"Principal\":{\"Federated\":\"arn:aws:iam::711387138131:oidc-provider/oidc.eks.us-west-2.amazonaws.com/id/0F03A934BFEBC6DE6D5BD37DE34331CA\"}}],\"Version\":\"2012-10-17\"}",
            "create_date": "2024-11-10T13:49:04Z",
            "description": "",
            "force_detach_policies": false,
            "id": "aws-load-balancer-controller",
            "inline_policy": [],
            "managed_policy_arns": [
              "arn:aws:iam::711387138131:policy/aws-load-balancer-controller"
            ],
            "max_session_duration": 3600,
            "name": "aws-load-balancer-controller",
            "name_prefix": "",
            "path": "/",
            "permissions_boundary": "",
            "tags": {},
            "tags_all": {},
            "unique_id": "AROA2LIP2JBJQNGZY66AZ"
          },
          "sensitive_attributes": [],
          "private": "bnVsbA==",
          "dependencies": [
            "module.max_weather.aws_eks_cluster.cluster",
            "module.max_weather.aws_iam_openid_connect_provider.eks",
            "module.max_weather.aws_iam_role.eks_cluster_role",
            "module.max_weather.aws_iam_role_policy_attachment.eks_cluster_role-AmazonEKSClusterPolicy",
            "module.max_weather.aws_iam_role_policy_attachment.eks_cluster_role-AmazonEKSVPCResourceController",
            "module.max_weather.aws_subnet.eks_cluster",
            "module.max_weather.aws_vpc.vpc",
            "module.max_weather.aws_vpc_ipam.vpc_ipam",
            "module.max_weather.aws_vpc_ipam_pool.vpc_ipam_pool",
            "module.max_weather.aws_vpc_ipam_pool_cidr.vpc_ipam_pool_cidr",
            "module.max_weather.data.aws_iam_policy_document.assume_role",
            "module.max_weather.data.aws_iam_policy_document.aws-load-balancer-controller_assume_role_policy",
            "module.max_weather.data.tls_certificate.eks"
          ]
        }
      ]
    },
    {
      "module": "module.max_weather",
      "mode": "managed",
      "type": "aws_iam_role",
      "name": "cloudwatch",
      "provider": "provider[\"registry.terraform.io/hashicorp/aws\"]",
      "instances": [
        {
          "schema_version": 0,
          "attributes": {
            "arn": "arn:aws:iam::711387138131:role/cloudwatch",
            "assume_role_policy": "{\"Statement\":[{\"Action\":\"sts:AssumeRoleWithWebIdentity\",\"Condition\":{\"StringEquals\":{\"oidc.eks.us-west-2.amazonaws.com/id/0F03A934BFEBC6DE6D5BD37DE34331CA:sub\":\"system:serviceaccount:default:fluent-bit\"}},\"Effect\":\"Allow\",\"Principal\":{\"Federated\":\"arn:aws:iam::711387138131:oidc-provider/oidc.eks.us-west-2.amazonaws.com/id/0F03A934BFEBC6DE6D5BD37DE34331CA\"}}],\"Version\":\"2012-10-17\"}",
            "create_date": "2024-11-10T18:00:23Z",
            "description": "",
            "force_detach_policies": false,
            "id": "cloudwatch",
            "inline_policy": [],
            "managed_policy_arns": [
              "arn:aws:iam::711387138131:policy/cloudwatch"
            ],
            "max_session_duration": 3600,
            "name": "cloudwatch",
            "name_prefix": "",
            "path": "/",
            "permissions_boundary": "",
            "tags": {},
            "tags_all": {},
            "unique_id": "AROA2LIP2JBJ4RMYZNNQJ"
          },
          "sensitive_attributes": [],
          "private": "bnVsbA==",
          "dependencies": [
            "module.max_weather.aws_eks_cluster.cluster",
            "module.max_weather.aws_iam_openid_connect_provider.eks",
            "module.max_weather.aws_iam_role.eks_cluster_role",
            "module.max_weather.aws_iam_role_policy_attachment.eks_cluster_role-AmazonEKSClusterPolicy",
            "module.max_weather.aws_iam_role_policy_attachment.eks_cluster_role-AmazonEKSVPCResourceController",
            "module.max_weather.aws_subnet.eks_cluster",
            "module.max_weather.aws_vpc.vpc",
            "module.max_weather.aws_vpc_ipam.vpc_ipam",
            "module.max_weather.aws_vpc_ipam_pool.vpc_ipam_pool",
            "module.max_weather.aws_vpc_ipam_pool_cidr.vpc_ipam_pool_cidr",
            "module.max_weather.data.aws_iam_policy_document.assume_role",
            "module.max_weather.data.aws_iam_policy_document.cloudwatch_assume_role_policy",
            "module.max_weather.data.tls_certificate.eks"
          ]
        }
      ]
    },
    {
      "module": "module.max_weather",
      "mode": "managed",
      "type": "aws_iam_role",
      "name": "eks_cluster_autoscaler",
      "provider": "provider[\"registry.terraform.io/hashicorp/aws\"]",
      "instances": [
        {
          "schema_version": 0,
          "attributes": {
            "arn": "arn:aws:iam::711387138131:role/eks-cluster-autoscaler",
            "assume_role_policy": "{\"Statement\":[{\"Action\":\"sts:AssumeRoleWithWebIdentity\",\"Condition\":{\"StringEquals\":{\"oidc.eks.us-west-2.amazonaws.com/id/0F03A934BFEBC6DE6D5BD37DE34331CA:sub\":\"system:serviceaccount:kube-system:autoscaler-aws-cluster-autoscaler\"}},\"Effect\":\"Allow\",\"Principal\":{\"Federated\":\"arn:aws:iam::711387138131:oidc-provider/oidc.eks.us-west-2.amazonaws.com/id/0F03A934BFEBC6DE6D5BD37DE34331CA\"}}],\"Version\":\"2012-10-17\"}",
            "create_date": "2024-11-10T10:49:35Z",
            "description": "",
            "force_detach_policies": false,
            "id": "eks-cluster-autoscaler",
            "inline_policy": [],
            "managed_policy_arns": [
              "arn:aws:iam::711387138131:policy/eks-cluster-autoscaler"
            ],
            "max_session_duration": 3600,
            "name": "eks-cluster-autoscaler",
            "name_prefix": "",
            "path": "/",
            "permissions_boundary": "",
            "tags": {},
            "tags_all": {},
            "unique_id": "AROA2LIP2JBJ274U5NVS4"
          },
          "sensitive_attributes": [],
          "private": "bnVsbA==",
          "dependencies": [
            "module.max_weather.aws_eks_cluster.cluster",
            "module.max_weather.aws_iam_openid_connect_provider.eks",
            "module.max_weather.aws_iam_role.eks_cluster_role",
            "module.max_weather.aws_iam_role_policy_attachment.eks_cluster_role-AmazonEKSClusterPolicy",
            "module.max_weather.aws_iam_role_policy_attachment.eks_cluster_role-AmazonEKSVPCResourceController",
            "module.max_weather.aws_subnet.eks_cluster",
            "module.max_weather.aws_vpc.vpc",
            "module.max_weather.aws_vpc_ipam.vpc_ipam",
            "module.max_weather.aws_vpc_ipam_pool.vpc_ipam_pool",
            "module.max_weather.aws_vpc_ipam_pool_cidr.vpc_ipam_pool_cidr",
            "module.max_weather.data.aws_iam_policy_document.assume_role",
            "module.max_weather.data.aws_iam_policy_document.eks_cluster_autoscaler_assume_role_policy",
            "module.max_weather.data.tls_certificate.eks"
          ]
        }
      ]
    },
    {
      "module": "module.max_weather",
      "mode": "managed",
      "type": "aws_iam_role",
      "name": "eks_cluster_role",
      "provider": "provider[\"registry.terraform.io/hashicorp/aws\"]",
      "instances": [
        {
          "schema_version": 0,
          "attributes": {
            "arn": "arn:aws:iam::711387138131:role/eks-cluster-role",
            "assume_role_policy": "{\"Statement\":[{\"Action\":\"sts:AssumeRole\",\"Effect\":\"Allow\",\"Principal\":{\"Service\":[\"eks.amazonaws.com\",\"ec2.amazonaws.com\"]}}],\"Version\":\"2012-10-17\"}",
            "create_date": "2024-11-10T08:18:43Z",
            "description": "",
            "force_detach_policies": false,
            "id": "eks-cluster-role",
            "inline_policy": [],
            "managed_policy_arns": [
              "arn:aws:iam::aws:policy/AmazonEKSClusterPolicy",
              "arn:aws:iam::aws:policy/AmazonEKSVPCResourceController"
            ],
            "max_session_duration": 3600,
            "name": "eks-cluster-role",
            "name_prefix": "",
            "path": "/",
            "permissions_boundary": "",
            "tags": {},
            "tags_all": {},
            "unique_id": "AROA2LIP2JBJT45OMLWN5"
          },
          "sensitive_attributes": [],
          "private": "bnVsbA==",
          "dependencies": [
            "module.max_weather.data.aws_iam_policy_document.assume_role"
          ]
        }
      ]
    },
    {
      "module": "module.max_weather",
      "mode": "managed",
      "type": "aws_iam_role",
      "name": "eks_nodegroup_role",
      "provider": "provider[\"registry.terraform.io/hashicorp/aws\"]",
      "instances": [
        {
          "schema_version": 0,
          "attributes": {
            "arn": "arn:aws:iam::711387138131:role/eks_nodegroup_role",
            "assume_role_policy": "{\"Statement\":[{\"Action\":\"sts:AssumeRole\",\"Effect\":\"Allow\",\"Principal\":{\"Service\":[\"eks.amazonaws.com\",\"ec2.amazonaws.com\"]}}],\"Version\":\"2012-10-17\"}",
            "create_date": "2024-11-10T08:18:44Z",
            "description": "",
            "force_detach_policies": false,
            "id": "eks_nodegroup_role",
            "inline_policy": [
              {
                "name": "ecr-login",
                "policy": "{\"Version\":\"2012-10-17\",\"Statement\":[{\"Action\":[\"ecr:GetAuthorizationToken\",\"ecr:InitiateLayerUpload\",\"ecr:UploadLayerPart\",\"ecr:CompleteLayerUpload\",\"ecr:PutImage\",\"ecr:BatchGetImage\",\"ecr:BatchCheckLayerAvailability\"],\"Effect\":\"Allow\",\"Resource\":\"*\"}]}"
              }
            ],
            "managed_policy_arns": [
              "arn:aws:iam::aws:policy/AmazonEC2ContainerRegistryReadOnly",
              "arn:aws:iam::aws:policy/AmazonEKSWorkerNodePolicy",
              "arn:aws:iam::aws:policy/AmazonEKS_CNI_Policy"
            ],
            "max_session_duration": 3600,
            "name": "eks_nodegroup_role",
            "name_prefix": "",
            "path": "/",
            "permissions_boundary": "",
            "tags": {},
            "tags_all": {},
            "unique_id": "AROA2LIP2JBJ5PIGOHJOB"
          },
          "sensitive_attributes": [],
          "private": "bnVsbA==",
          "dependencies": [
            "module.max_weather.data.aws_iam_policy_document.assume_role"
          ]
        }
      ]
    },
    {
      "module": "module.max_weather",
      "mode": "managed",
      "type": "aws_iam_role_policy",
      "name": "ecr",
      "provider": "provider[\"registry.terraform.io/hashicorp/aws\"]",
      "instances": [
        {
          "schema_version": 0,
          "attributes": {
            "id": "eks_nodegroup_role:ecr-login",
            "name": "ecr-login",
            "name_prefix": "",
            "policy": "{\"Version\":\"2012-10-17\",\"Statement\":[{\"Action\":[\"ecr:GetAuthorizationToken\",\"ecr:InitiateLayerUpload\",\"ecr:UploadLayerPart\",\"ecr:CompleteLayerUpload\",\"ecr:PutImage\",\"ecr:BatchGetImage\",\"ecr:BatchCheckLayerAvailability\"],\"Effect\":\"Allow\",\"Resource\":\"*\"}]}",
            "role": "eks_nodegroup_role"
          },
          "sensitive_attributes": [],
          "private": "bnVsbA==",
          "dependencies": [
            "module.max_weather.aws_iam_role.eks_nodegroup_role",
            "module.max_weather.data.aws_iam_policy_document.assume_role"
          ]
        }
      ]
    },
    {
      "module": "module.max_weather",
      "mode": "managed",
      "type": "aws_iam_role_policy_attachment",
      "name": "aws-load-balancer-controller",
      "provider": "provider[\"registry.terraform.io/hashicorp/aws\"]",
      "instances": [
        {
          "schema_version": 0,
          "attributes": {
            "id": "aws-load-balancer-controller-20241110134904370900000001",
            "policy_arn": "arn:aws:iam::711387138131:policy/aws-load-balancer-controller",
            "role": "aws-load-balancer-controller"
          },
          "sensitive_attributes": [],
          "private": "bnVsbA==",
          "dependencies": [
            "module.max_weather.aws_eks_cluster.cluster",
            "module.max_weather.aws_iam_openid_connect_provider.eks",
            "module.max_weather.aws_iam_policy.aws-load-balancer-controller",
            "module.max_weather.aws_iam_role.aws-load-balancer-controller",
            "module.max_weather.aws_iam_role.eks_cluster_role",
            "module.max_weather.aws_iam_role_policy_attachment.eks_cluster_role-AmazonEKSClusterPolicy",
            "module.max_weather.aws_iam_role_policy_attachment.eks_cluster_role-AmazonEKSVPCResourceController",
            "module.max_weather.aws_subnet.eks_cluster",
            "module.max_weather.aws_vpc.vpc",
            "module.max_weather.aws_vpc_ipam.vpc_ipam",
            "module.max_weather.aws_vpc_ipam_pool.vpc_ipam_pool",
            "module.max_weather.aws_vpc_ipam_pool_cidr.vpc_ipam_pool_cidr",
            "module.max_weather.data.aws_iam_policy_document.assume_role",
            "module.max_weather.data.aws_iam_policy_document.aws-load-balancer-controller_assume_role_policy",
            "module.max_weather.data.tls_certificate.eks"
          ]
        }
      ]
    },
    {
      "module": "module.max_weather",
      "mode": "managed",
      "type": "aws_iam_role_policy_attachment",
      "name": "cloudwatch",
      "provider": "provider[\"registry.terraform.io/hashicorp/aws\"]",
      "instances": [
        {
          "schema_version": 0,
          "attributes": {
            "id": "cloudwatch-20241110180023996000000002",
            "policy_arn": "arn:aws:iam::711387138131:policy/cloudwatch",
            "role": "cloudwatch"
          },
          "sensitive_attributes": [],
          "private": "bnVsbA==",
          "dependencies": [
            "module.max_weather.aws_eks_cluster.cluster",
            "module.max_weather.aws_iam_openid_connect_provider.eks",
            "module.max_weather.aws_iam_policy.cloudwatch",
            "module.max_weather.aws_iam_role.cloudwatch",
            "module.max_weather.aws_iam_role.eks_cluster_role",
            "module.max_weather.aws_iam_role_policy_attachment.eks_cluster_role-AmazonEKSClusterPolicy",
            "module.max_weather.aws_iam_role_policy_attachment.eks_cluster_role-AmazonEKSVPCResourceController",
            "module.max_weather.aws_subnet.eks_cluster",
            "module.max_weather.aws_vpc.vpc",
            "module.max_weather.aws_vpc_ipam.vpc_ipam",
            "module.max_weather.aws_vpc_ipam_pool.vpc_ipam_pool",
            "module.max_weather.aws_vpc_ipam_pool_cidr.vpc_ipam_pool_cidr",
            "module.max_weather.data.aws_iam_policy_document.assume_role",
            "module.max_weather.data.aws_iam_policy_document.cloudwatch_assume_role_policy",
            "module.max_weather.data.tls_certificate.eks"
          ]
        }
      ]
    },
    {
      "module": "module.max_weather",
      "mode": "managed",
      "type": "aws_iam_role_policy_attachment",
      "name": "eks_cluster_autoscaler_attach",
      "provider": "provider[\"registry.terraform.io/hashicorp/aws\"]",
      "instances": [
        {
          "schema_version": 0,
          "attributes": {
            "id": "eks-cluster-autoscaler-20241110104936292200000002",
            "policy_arn": "arn:aws:iam::711387138131:policy/eks-cluster-autoscaler",
            "role": "eks-cluster-autoscaler"
          },
          "sensitive_attributes": [],
          "private": "bnVsbA==",
          "dependencies": [
            "module.max_weather.aws_eks_cluster.cluster",
            "module.max_weather.aws_iam_openid_connect_provider.eks",
            "module.max_weather.aws_iam_policy.eks_cluster_autoscaler",
            "module.max_weather.aws_iam_role.eks_cluster_autoscaler",
            "module.max_weather.aws_iam_role.eks_cluster_role",
            "module.max_weather.aws_iam_role_policy_attachment.eks_cluster_role-AmazonEKSClusterPolicy",
            "module.max_weather.aws_iam_role_policy_attachment.eks_cluster_role-AmazonEKSVPCResourceController",
            "module.max_weather.aws_subnet.eks_cluster",
            "module.max_weather.aws_vpc.vpc",
            "module.max_weather.aws_vpc_ipam.vpc_ipam",
            "module.max_weather.aws_vpc_ipam_pool.vpc_ipam_pool",
            "module.max_weather.aws_vpc_ipam_pool_cidr.vpc_ipam_pool_cidr",
            "module.max_weather.data.aws_iam_policy_document.assume_role",
            "module.max_weather.data.aws_iam_policy_document.eks_cluster_autoscaler_assume_role_policy",
            "module.max_weather.data.tls_certificate.eks"
          ]
        }
      ]
    },
    {
      "module": "module.max_weather",
      "mode": "managed",
      "type": "aws_iam_role_policy_attachment",
      "name": "eks_cluster_role-AmazonEKSClusterPolicy",
      "provider": "provider[\"registry.terraform.io/hashicorp/aws\"]",
      "instances": [
        {
          "schema_version": 0,
          "attributes": {
            "id": "eks-cluster-role-20241110081844775900000003",
            "policy_arn": "arn:aws:iam::aws:policy/AmazonEKSClusterPolicy",
            "role": "eks-cluster-role"
          },
          "sensitive_attributes": [],
          "private": "bnVsbA==",
          "dependencies": [
            "module.max_weather.aws_iam_role.eks_cluster_role",
            "module.max_weather.data.aws_iam_policy_document.assume_role"
          ]
        }
      ]
    },
    {
      "module": "module.max_weather",
      "mode": "managed",
      "type": "aws_iam_role_policy_attachment",
      "name": "eks_cluster_role-AmazonEKSVPCResourceController",
      "provider": "provider[\"registry.terraform.io/hashicorp/aws\"]",
      "instances": [
        {
          "schema_version": 0,
          "attributes": {
            "id": "eks-cluster-role-20241110081844526500000002",
            "policy_arn": "arn:aws:iam::aws:policy/AmazonEKSVPCResourceController",
            "role": "eks-cluster-role"
          },
          "sensitive_attributes": [],
          "private": "bnVsbA==",
          "dependencies": [
            "module.max_weather.aws_iam_role.eks_cluster_role",
            "module.max_weather.data.aws_iam_policy_document.assume_role"
          ]
        }
      ]
    },
    {
      "module": "module.max_weather",
      "mode": "managed",
      "type": "aws_iam_role_policy_attachment",
      "name": "eks_nodegroup_role-AmazonEC2ContainerRegistryReadOnly",
      "provider": "provider[\"registry.terraform.io/hashicorp/aws\"]",
      "instances": [
        {
          "schema_version": 0,
          "attributes": {
            "id": "eks_nodegroup_role-20241110081845205400000006",
            "policy_arn": "arn:aws:iam::aws:policy/AmazonEC2ContainerRegistryReadOnly",
            "role": "eks_nodegroup_role"
          },
          "sensitive_attributes": [],
          "private": "bnVsbA==",
          "dependencies": [
            "module.max_weather.aws_iam_role.eks_nodegroup_role",
            "module.max_weather.data.aws_iam_policy_document.assume_role"
          ]
        }
      ]
    },
    {
      "module": "module.max_weather",
      "mode": "managed",
      "type": "aws_iam_role_policy_attachment",
      "name": "eks_nodegroup_role-AmazonEKSWorkerNodePolicy",
      "provider": "provider[\"registry.terraform.io/hashicorp/aws\"]",
      "instances": [
        {
          "schema_version": 0,
          "attributes": {
            "id": "eks_nodegroup_role-20241110081845195800000005",
            "policy_arn": "arn:aws:iam::aws:policy/AmazonEKSWorkerNodePolicy",
            "role": "eks_nodegroup_role"
          },
          "sensitive_attributes": [],
          "private": "bnVsbA==",
          "dependencies": [
            "module.max_weather.aws_iam_role.eks_nodegroup_role",
            "module.max_weather.data.aws_iam_policy_document.assume_role"
          ]
        }
      ]
    },
    {
      "module": "module.max_weather",
      "mode": "managed",
      "type": "aws_iam_role_policy_attachment",
      "name": "eks_nodegroup_role-AmazonEKS_CNI_Policy",
      "provider": "provider[\"registry.terraform.io/hashicorp/aws\"]",
      "instances": [
        {
          "schema_version": 0,
          "attributes": {
            "id": "eks_nodegroup_role-20241110081844860200000004",
            "policy_arn": "arn:aws:iam::aws:policy/AmazonEKS_CNI_Policy",
            "role": "eks_nodegroup_role"
          },
          "sensitive_attributes": [],
          "private": "bnVsbA==",
          "dependencies": [
            "module.max_weather.aws_iam_role.eks_nodegroup_role",
            "module.max_weather.data.aws_iam_policy_document.assume_role"
          ]
        }
      ]
    },
    {
      "module": "module.max_weather",
      "mode": "managed",
      "type": "aws_internet_gateway",
      "name": "internetgw",
      "provider": "provider[\"registry.terraform.io/hashicorp/aws\"]",
      "instances": [
        {
          "schema_version": 0,
          "attributes": {
            "arn": "arn:aws:ec2:us-west-2:711387138131:internet-gateway/igw-03b40ed5c878d76bc",
            "id": "igw-03b40ed5c878d76bc",
            "owner_id": "711387138131",
            "tags": {},
            "tags_all": {},
            "timeouts": null,
            "vpc_id": "vpc-080e8656fe951e292"
          },
          "sensitive_attributes": [],
          "private": "eyJlMmJmYjczMC1lY2FhLTExZTYtOGY4OC0zNDM2M2JjN2M0YzAiOnsiY3JlYXRlIjoxMjAwMDAwMDAwMDAwLCJkZWxldGUiOjEyMDAwMDAwMDAwMDAsInVwZGF0ZSI6MTIwMDAwMDAwMDAwMH19",
          "dependencies": [
            "module.max_weather.aws_subnet.eks_cluster",
            "module.max_weather.aws_vpc.vpc",
            "module.max_weather.aws_vpc_ipam.vpc_ipam",
            "module.max_weather.aws_vpc_ipam_pool.vpc_ipam_pool",
            "module.max_weather.aws_vpc_ipam_pool_cidr.vpc_ipam_pool_cidr"
          ]
        }
      ]
    },
    {
      "module": "module.max_weather",
      "mode": "managed",
      "type": "aws_route_table",
      "name": "eks_cluster",
      "provider": "provider[\"registry.terraform.io/hashicorp/aws\"]",
      "instances": [
        {
          "schema_version": 0,
          "attributes": {
            "arn": "arn:aws:ec2:us-west-2:711387138131:route-table/rtb-0ccc835130f0f1815",
            "id": "rtb-0ccc835130f0f1815",
            "owner_id": "711387138131",
            "propagating_vgws": [],
            "route": [
              {
                "carrier_gateway_id": "",
                "cidr_block": "0.0.0.0/0",
                "core_network_arn": "",
                "destination_prefix_list_id": "",
                "egress_only_gateway_id": "",
                "gateway_id": "igw-03b40ed5c878d76bc",
                "ipv6_cidr_block": "",
                "local_gateway_id": "",
                "nat_gateway_id": "",
                "network_interface_id": "",
                "transit_gateway_id": "",
                "vpc_endpoint_id": "",
                "vpc_peering_connection_id": ""
              }
            ],
            "tags": {},
            "tags_all": {},
            "timeouts": null,
            "vpc_id": "vpc-080e8656fe951e292"
          },
          "sensitive_attributes": [],
          "private": "eyJlMmJmYjczMC1lY2FhLTExZTYtOGY4OC0zNDM2M2JjN2M0YzAiOnsiY3JlYXRlIjozMDAwMDAwMDAwMDAsImRlbGV0ZSI6MzAwMDAwMDAwMDAwLCJ1cGRhdGUiOjEyMDAwMDAwMDAwMH19",
          "dependencies": [
            "module.max_weather.aws_internet_gateway.internetgw",
            "module.max_weather.aws_subnet.eks_cluster",
            "module.max_weather.aws_vpc.vpc",
            "module.max_weather.aws_vpc_ipam.vpc_ipam",
            "module.max_weather.aws_vpc_ipam_pool.vpc_ipam_pool",
            "module.max_weather.aws_vpc_ipam_pool_cidr.vpc_ipam_pool_cidr"
          ]
        }
      ]
    },
    {
      "module": "module.max_weather",
      "mode": "managed",
      "type": "aws_route_table",
      "name": "eks_nodegroup",
      "provider": "provider[\"registry.terraform.io/hashicorp/aws\"]",
      "instances": [
        {
          "schema_version": 0,
          "attributes": {
            "arn": "arn:aws:ec2:us-west-2:711387138131:route-table/rtb-075f18b938cbd9da4",
            "id": "rtb-075f18b938cbd9da4",
            "owner_id": "711387138131",
            "propagating_vgws": [],
            "route": [
              {
                "carrier_gateway_id": "",
                "cidr_block": "0.0.0.0/0",
                "core_network_arn": "",
                "destination_prefix_list_id": "",
                "egress_only_gateway_id": "",
                "gateway_id": "igw-03b40ed5c878d76bc",
                "ipv6_cidr_block": "",
                "local_gateway_id": "",
                "nat_gateway_id": "",
                "network_interface_id": "",
                "transit_gateway_id": "",
                "vpc_endpoint_id": "",
                "vpc_peering_connection_id": ""
              }
            ],
            "tags": {},
            "tags_all": {},
            "timeouts": null,
            "vpc_id": "vpc-080e8656fe951e292"
          },
          "sensitive_attributes": [],
          "private": "eyJlMmJmYjczMC1lY2FhLTExZTYtOGY4OC0zNDM2M2JjN2M0YzAiOnsiY3JlYXRlIjozMDAwMDAwMDAwMDAsImRlbGV0ZSI6MzAwMDAwMDAwMDAwLCJ1cGRhdGUiOjEyMDAwMDAwMDAwMH19",
          "dependencies": [
            "module.max_weather.aws_internet_gateway.internetgw",
            "module.max_weather.aws_subnet.eks_cluster",
            "module.max_weather.aws_vpc.vpc",
            "module.max_weather.aws_vpc_ipam.vpc_ipam",
            "module.max_weather.aws_vpc_ipam_pool.vpc_ipam_pool",
            "module.max_weather.aws_vpc_ipam_pool_cidr.vpc_ipam_pool_cidr"
          ]
        }
      ]
    },
    {
      "module": "module.max_weather",
      "mode": "managed",
      "type": "aws_route_table_association",
      "name": "eks_nodegroup",
      "provider": "provider[\"registry.terraform.io/hashicorp/aws\"]",
      "instances": [
        {
          "schema_version": 0,
          "attributes": {
            "gateway_id": "",
            "id": "rtbassoc-0ddd6d20f635a6318",
            "route_table_id": "rtb-075f18b938cbd9da4",
            "subnet_id": "subnet-0411abe67d18bf720",
            "timeouts": null
          },
          "sensitive_attributes": [],
          "private": "eyJlMmJmYjczMC1lY2FhLTExZTYtOGY4OC0zNDM2M2JjN2M0YzAiOnsiY3JlYXRlIjozMDAwMDAwMDAwMDAsImRlbGV0ZSI6MzAwMDAwMDAwMDAwLCJ1cGRhdGUiOjEyMDAwMDAwMDAwMH19",
          "dependencies": [
            "module.max_weather.aws_internet_gateway.internetgw",
            "module.max_weather.aws_route_table.eks_nodegroup",
            "module.max_weather.aws_subnet.eks_cluster",
            "module.max_weather.aws_subnet.eks_nodegroup",
            "module.max_weather.aws_vpc.vpc",
            "module.max_weather.aws_vpc_ipam.vpc_ipam",
            "module.max_weather.aws_vpc_ipam_pool.vpc_ipam_pool",
            "module.max_weather.aws_vpc_ipam_pool_cidr.vpc_ipam_pool_cidr"
          ]
        }
      ]
    },
    {
      "module": "module.max_weather",
      "mode": "managed",
      "type": "aws_route_table_association",
      "name": "public",
      "provider": "provider[\"registry.terraform.io/hashicorp/aws\"]",
      "instances": [
        {
          "index_key": "subnet-a",
          "schema_version": 0,
          "attributes": {
            "gateway_id": "",
            "id": "rtbassoc-0cece322e3c2760f1",
            "route_table_id": "rtb-0ccc835130f0f1815",
            "subnet_id": "subnet-03ced914179f70eee",
            "timeouts": null
          },
          "sensitive_attributes": [],
          "private": "eyJlMmJmYjczMC1lY2FhLTExZTYtOGY4OC0zNDM2M2JjN2M0YzAiOnsiY3JlYXRlIjozMDAwMDAwMDAwMDAsImRlbGV0ZSI6MzAwMDAwMDAwMDAwLCJ1cGRhdGUiOjEyMDAwMDAwMDAwMH19",
          "dependencies": [
            "module.max_weather.aws_internet_gateway.internetgw",
            "module.max_weather.aws_route_table.eks_cluster",
            "module.max_weather.aws_subnet.eks_cluster",
            "module.max_weather.aws_vpc.vpc",
            "module.max_weather.aws_vpc_ipam.vpc_ipam",
            "module.max_weather.aws_vpc_ipam_pool.vpc_ipam_pool",
            "module.max_weather.aws_vpc_ipam_pool_cidr.vpc_ipam_pool_cidr"
          ]
        },
        {
          "index_key": "subnet-b",
          "schema_version": 0,
          "attributes": {
            "gateway_id": "",
            "id": "rtbassoc-077215137a423d4af",
            "route_table_id": "rtb-0ccc835130f0f1815",
            "subnet_id": "subnet-072c72b0cb65ffa46",
            "timeouts": null
          },
          "sensitive_attributes": [],
          "private": "eyJlMmJmYjczMC1lY2FhLTExZTYtOGY4OC0zNDM2M2JjN2M0YzAiOnsiY3JlYXRlIjozMDAwMDAwMDAwMDAsImRlbGV0ZSI6MzAwMDAwMDAwMDAwLCJ1cGRhdGUiOjEyMDAwMDAwMDAwMH19",
          "dependencies": [
            "module.max_weather.aws_internet_gateway.internetgw",
            "module.max_weather.aws_route_table.eks_cluster",
            "module.max_weather.aws_subnet.eks_cluster",
            "module.max_weather.aws_vpc.vpc",
            "module.max_weather.aws_vpc_ipam.vpc_ipam",
            "module.max_weather.aws_vpc_ipam_pool.vpc_ipam_pool",
            "module.max_weather.aws_vpc_ipam_pool_cidr.vpc_ipam_pool_cidr"
          ]
        }
      ]
    },
    {
      "module": "module.max_weather",
      "mode": "managed",
      "type": "aws_security_group",
      "name": "eks",
      "provider": "provider[\"registry.terraform.io/hashicorp/aws\"]",
      "instances": [
        {
          "schema_version": 1,
          "attributes": {
            "arn": "arn:aws:ec2:us-west-2:711387138131:security-group/sg-0d5c6aa9a87b26428",
            "description": "Allow TLS inbound traffic and all outbound traffic",
            "egress": [
              {
                "cidr_blocks": [
                  "0.0.0.0/0"
                ],
                "description": "",
                "from_port": 0,
                "ipv6_cidr_blocks": [],
                "prefix_list_ids": [],
                "protocol": "-1",
                "security_groups": [],
                "self": false,
                "to_port": 0
              }
            ],
            "id": "sg-0d5c6aa9a87b26428",
            "ingress": [
              {
                "cidr_blocks": [
                  "10.0.0.0/16"
                ],
                "description": "",
                "from_port": 443,
                "ipv6_cidr_blocks": [],
                "prefix_list_ids": [],
                "protocol": "tcp",
                "security_groups": [],
                "self": false,
                "to_port": 443
              }
            ],
            "name": "eks-cluster",
            "name_prefix": "",
            "owner_id": "711387138131",
            "revoke_rules_on_delete": false,
            "tags": {},
            "tags_all": {},
            "timeouts": null,
            "vpc_id": "vpc-080e8656fe951e292"
          },
          "sensitive_attributes": [],
          "private": "eyJlMmJmYjczMC1lY2FhLTExZTYtOGY4OC0zNDM2M2JjN2M0YzAiOnsiY3JlYXRlIjo2MDAwMDAwMDAwMDAsImRlbGV0ZSI6OTAwMDAwMDAwMDAwfSwic2NoZW1hX3ZlcnNpb24iOiIxIn0=",
          "dependencies": [
            "module.max_weather.aws_vpc.vpc",
            "module.max_weather.aws_vpc_ipam.vpc_ipam",
            "module.max_weather.aws_vpc_ipam_pool.vpc_ipam_pool",
            "module.max_weather.aws_vpc_ipam_pool_cidr.vpc_ipam_pool_cidr"
          ]
        }
      ]
    },
    {
      "module": "module.max_weather",
      "mode": "managed",
      "type": "aws_security_group",
      "name": "eks-nlb",
      "provider": "provider[\"registry.terraform.io/hashicorp/aws\"]",
      "instances": [
        {
          "schema_version": 1,
          "attributes": {
            "arn": "arn:aws:ec2:us-west-2:711387138131:security-group/sg-02c333cbda41124f8",
            "description": "Allow TLS inbound traffic and all outbound traffic",
            "egress": [
              {
                "cidr_blocks": [
                  "0.0.0.0/0"
                ],
                "description": "",
                "from_port": 0,
                "ipv6_cidr_blocks": [],
                "prefix_list_ids": [],
                "protocol": "-1",
                "security_groups": [],
                "self": false,
                "to_port": 0
              }
            ],
            "id": "sg-02c333cbda41124f8",
            "ingress": [
              {
                "cidr_blocks": [
                  "0.0.0.0/0"
                ],
                "description": "",
                "from_port": 0,
                "ipv6_cidr_blocks": [],
                "prefix_list_ids": [],
                "protocol": "tcp",
                "security_groups": [],
                "self": false,
                "to_port": 65535
              },
              {
                "cidr_blocks": [
                  "10.0.0.0/16"
                ],
                "description": "",
                "from_port": 80,
                "ipv6_cidr_blocks": [],
                "prefix_list_ids": [],
                "protocol": "tcp",
                "security_groups": [],
                "self": false,
                "to_port": 80
              }
            ],
            "name": "eks-nlb",
            "name_prefix": "",
            "owner_id": "711387138131",
            "revoke_rules_on_delete": false,
            "tags": {
              "name": "eks-nlb"
            },
            "tags_all": {
              "name": "eks-nlb"
            },
            "timeouts": null,
            "vpc_id": "vpc-080e8656fe951e292"
          },
          "sensitive_attributes": [],
          "private": "eyJlMmJmYjczMC1lY2FhLTExZTYtOGY4OC0zNDM2M2JjN2M0YzAiOnsiY3JlYXRlIjo2MDAwMDAwMDAwMDAsImRlbGV0ZSI6OTAwMDAwMDAwMDAwfSwic2NoZW1hX3ZlcnNpb24iOiIxIn0=",
          "dependencies": [
            "module.max_weather.aws_vpc.vpc",
            "module.max_weather.aws_vpc_ipam.vpc_ipam",
            "module.max_weather.aws_vpc_ipam_pool.vpc_ipam_pool",
            "module.max_weather.aws_vpc_ipam_pool_cidr.vpc_ipam_pool_cidr"
          ]
        }
      ]
    },
    {
      "module": "module.max_weather",
      "mode": "managed",
      "type": "aws_subnet",
      "name": "eks_cluster",
      "provider": "provider[\"registry.terraform.io/hashicorp/aws\"]",
      "instances": [
        {
          "index_key": "subnet-a",
          "schema_version": 1,
          "attributes": {
            "arn": "arn:aws:ec2:us-west-2:711387138131:subnet/subnet-03ced914179f70eee",
            "assign_ipv6_address_on_creation": false,
            "availability_zone": "us-west-2a",
            "availability_zone_id": "usw2-az1",
            "cidr_block": "10.0.1.0/24",
            "customer_owned_ipv4_pool": "",
            "enable_dns64": false,
            "enable_lni_at_device_index": 0,
            "enable_resource_name_dns_a_record_on_launch": false,
            "enable_resource_name_dns_aaaa_record_on_launch": false,
            "id": "subnet-03ced914179f70eee",
            "ipv6_cidr_block": "",
            "ipv6_cidr_block_association_id": "",
            "ipv6_native": false,
            "map_customer_owned_ip_on_launch": false,
            "map_public_ip_on_launch": true,
            "outpost_arn": "",
            "owner_id": "711387138131",
            "private_dns_hostname_type_on_launch": "ip-name",
            "tags": {},
            "tags_all": {},
            "timeouts": null,
            "vpc_id": "vpc-080e8656fe951e292"
          },
          "sensitive_attributes": [],
          "private": "eyJlMmJmYjczMC1lY2FhLTExZTYtOGY4OC0zNDM2M2JjN2M0YzAiOnsiY3JlYXRlIjo2MDAwMDAwMDAwMDAsImRlbGV0ZSI6MTIwMDAwMDAwMDAwMH0sInNjaGVtYV92ZXJzaW9uIjoiMSJ9",
          "dependencies": [
            "module.max_weather.aws_vpc.vpc",
            "module.max_weather.aws_vpc_ipam.vpc_ipam",
            "module.max_weather.aws_vpc_ipam_pool.vpc_ipam_pool",
            "module.max_weather.aws_vpc_ipam_pool_cidr.vpc_ipam_pool_cidr"
          ]
        },
        {
          "index_key": "subnet-b",
          "schema_version": 1,
          "attributes": {
            "arn": "arn:aws:ec2:us-west-2:711387138131:subnet/subnet-072c72b0cb65ffa46",
            "assign_ipv6_address_on_creation": false,
            "availability_zone": "us-west-2b",
            "availability_zone_id": "usw2-az2",
            "cidr_block": "10.0.2.0/24",
            "customer_owned_ipv4_pool": "",
            "enable_dns64": false,
            "enable_lni_at_device_index": 0,
            "enable_resource_name_dns_a_record_on_launch": false,
            "enable_resource_name_dns_aaaa_record_on_launch": false,
            "id": "subnet-072c72b0cb65ffa46",
            "ipv6_cidr_block": "",
            "ipv6_cidr_block_association_id": "",
            "ipv6_native": false,
            "map_customer_owned_ip_on_launch": false,
            "map_public_ip_on_launch": true,
            "outpost_arn": "",
            "owner_id": "711387138131",
            "private_dns_hostname_type_on_launch": "ip-name",
            "tags": {},
            "tags_all": {},
            "timeouts": null,
            "vpc_id": "vpc-080e8656fe951e292"
          },
          "sensitive_attributes": [],
          "private": "eyJlMmJmYjczMC1lY2FhLTExZTYtOGY4OC0zNDM2M2JjN2M0YzAiOnsiY3JlYXRlIjo2MDAwMDAwMDAwMDAsImRlbGV0ZSI6MTIwMDAwMDAwMDAwMH0sInNjaGVtYV92ZXJzaW9uIjoiMSJ9",
          "dependencies": [
            "module.max_weather.aws_vpc.vpc",
            "module.max_weather.aws_vpc_ipam.vpc_ipam",
            "module.max_weather.aws_vpc_ipam_pool.vpc_ipam_pool",
            "module.max_weather.aws_vpc_ipam_pool_cidr.vpc_ipam_pool_cidr"
          ]
        }
      ]
    },
    {
      "module": "module.max_weather",
      "mode": "managed",
      "type": "aws_subnet",
      "name": "eks_nodegroup",
      "provider": "provider[\"registry.terraform.io/hashicorp/aws\"]",
      "instances": [
        {
          "schema_version": 1,
          "attributes": {
            "arn": "arn:aws:ec2:us-west-2:711387138131:subnet/subnet-0411abe67d18bf720",
            "assign_ipv6_address_on_creation": false,
            "availability_zone": "us-west-2c",
            "availability_zone_id": "usw2-az3",
            "cidr_block": "10.0.10.0/24",
            "customer_owned_ipv4_pool": "",
            "enable_dns64": false,
            "enable_lni_at_device_index": 0,
            "enable_resource_name_dns_a_record_on_launch": false,
            "enable_resource_name_dns_aaaa_record_on_launch": false,
            "id": "subnet-0411abe67d18bf720",
            "ipv6_cidr_block": "",
            "ipv6_cidr_block_association_id": "",
            "ipv6_native": false,
            "map_customer_owned_ip_on_launch": false,
            "map_public_ip_on_launch": true,
            "outpost_arn": "",
            "owner_id": "711387138131",
            "private_dns_hostname_type_on_launch": "ip-name",
            "tags": {
              "Name": "private-us-east-1b",
              "kubernetes.io/cluster/test": "owned",
              "kubernetes.io/role/internal-elb": "1"
            },
            "tags_all": {
              "Name": "private-us-east-1b",
              "kubernetes.io/cluster/test": "owned",
              "kubernetes.io/role/internal-elb": "1"
            },
            "timeouts": null,
            "vpc_id": "vpc-080e8656fe951e292"
          },
          "sensitive_attributes": [],
          "private": "eyJlMmJmYjczMC1lY2FhLTExZTYtOGY4OC0zNDM2M2JjN2M0YzAiOnsiY3JlYXRlIjo2MDAwMDAwMDAwMDAsImRlbGV0ZSI6MTIwMDAwMDAwMDAwMH0sInNjaGVtYV92ZXJzaW9uIjoiMSJ9",
          "dependencies": [
            "module.max_weather.aws_vpc.vpc",
            "module.max_weather.aws_vpc_ipam.vpc_ipam",
            "module.max_weather.aws_vpc_ipam_pool.vpc_ipam_pool",
            "module.max_weather.aws_vpc_ipam_pool_cidr.vpc_ipam_pool_cidr"
          ]
        }
      ]
    },
    {
      "module": "module.max_weather",
      "mode": "managed",
      "type": "aws_vpc",
      "name": "vpc",
      "provider": "provider[\"registry.terraform.io/hashicorp/aws\"]",
      "instances": [
        {
          "schema_version": 1,
          "attributes": {
            "arn": "arn:aws:ec2:us-west-2:711387138131:vpc/vpc-080e8656fe951e292",
            "assign_generated_ipv6_cidr_block": false,
            "cidr_block": "10.0.0.0/16",
            "default_network_acl_id": "acl-08d91d782526af014",
            "default_route_table_id": "rtb-04221c23bdc8f2729",
            "default_security_group_id": "sg-043d134026f2f2360",
            "dhcp_options_id": "dopt-06b015925734a60f2",
            "enable_dns_hostnames": false,
            "enable_dns_support": true,
            "enable_network_address_usage_metrics": false,
            "id": "vpc-080e8656fe951e292",
            "instance_tenancy": "default",
            "ipv4_ipam_pool_id": "ipam-pool-005906859c6f2e573",
            "ipv4_netmask_length": 16,
            "ipv6_association_id": "",
            "ipv6_cidr_block": "",
            "ipv6_cidr_block_network_border_group": "",
            "ipv6_ipam_pool_id": "",
            "ipv6_netmask_length": 0,
            "main_route_table_id": "rtb-04221c23bdc8f2729",
            "owner_id": "711387138131",
            "tags": {},
            "tags_all": {}
          },
          "sensitive_attributes": [],
          "private": "eyJzY2hlbWFfdmVyc2lvbiI6IjEifQ==",
          "dependencies": [
            "module.max_weather.aws_vpc_ipam.vpc_ipam",
            "module.max_weather.aws_vpc_ipam_pool.vpc_ipam_pool",
            "module.max_weather.aws_vpc_ipam_pool_cidr.vpc_ipam_pool_cidr"
          ]
        }
      ]
    },
    {
      "module": "module.max_weather",
      "mode": "managed",
      "type": "aws_vpc_ipam",
      "name": "vpc_ipam",
      "provider": "provider[\"registry.terraform.io/hashicorp/aws\"]",
      "instances": [
        {
          "schema_version": 0,
          "attributes": {
            "arn": "arn:aws:ec2::711387138131:ipam/ipam-09c25fbfd314ca29d",
            "cascade": null,
            "default_resource_discovery_association_id": "ipam-res-disco-assoc-0f21ebd8854d75b50",
            "default_resource_discovery_id": "ipam-res-disco-0eda162b5dfdcc9e3",
            "description": "",
            "enable_private_gua": false,
            "id": "ipam-09c25fbfd314ca29d",
            "operating_regions": [
              {
                "region_name": "us-west-2"
              }
            ],
            "private_default_scope_id": "ipam-scope-0d97e3cfe1f22b461",
            "public_default_scope_id": "ipam-scope-0bc1aee098b90f24d",
            "scope_count": 2,
            "tags": {},
            "tags_all": {},
            "tier": "advanced",
            "timeouts": null
          },
          "sensitive_attributes": [],
          "private": "eyJlMmJmYjczMC1lY2FhLTExZTYtOGY4OC0zNDM2M2JjN2M0YzAiOnsiY3JlYXRlIjoxODAwMDAwMDAwMDAsImRlbGV0ZSI6MTgwMDAwMDAwMDAwLCJ1cGRhdGUiOjE4MDAwMDAwMDAwMH19"
        }
      ]
    },
    {
      "module": "module.max_weather",
      "mode": "managed",
      "type": "aws_vpc_ipam_pool",
      "name": "vpc_ipam_pool",
      "provider": "provider[\"registry.terraform.io/hashicorp/aws\"]",
      "instances": [
        {
          "schema_version": 0,
          "attributes": {
            "address_family": "ipv4",
            "allocation_default_netmask_length": null,
            "allocation_max_netmask_length": null,
            "allocation_min_netmask_length": null,
            "allocation_resource_tags": {},
            "arn": "arn:aws:ec2::711387138131:ipam-pool/ipam-pool-005906859c6f2e573",
            "auto_import": false,
            "aws_service": "",
            "cascade": null,
            "description": "",
            "id": "ipam-pool-005906859c6f2e573",
            "ipam_scope_id": "ipam-scope-0d97e3cfe1f22b461",
            "ipam_scope_type": "private",
            "locale": "us-west-2",
            "pool_depth": 1,
            "public_ip_source": "",
            "publicly_advertisable": false,
            "source_ipam_pool_id": "",
            "state": "create-complete",
            "tags": {},
            "tags_all": {},
            "timeouts": null
          },
          "sensitive_attributes": [],
          "private": "eyJlMmJmYjczMC1lY2FhLTExZTYtOGY4OC0zNDM2M2JjN2M0YzAiOnsiY3JlYXRlIjoxODAwMDAwMDAwMDAsImRlbGV0ZSI6MTgwMDAwMDAwMDAwLCJ1cGRhdGUiOjE4MDAwMDAwMDAwMH19",
          "dependencies": [
            "module.max_weather.aws_vpc_ipam.vpc_ipam"
          ]
        }
      ]
    },
    {
      "module": "module.max_weather",
      "mode": "managed",
      "type": "aws_vpc_ipam_pool_cidr",
      "name": "vpc_ipam_pool_cidr",
      "provider": "provider[\"registry.terraform.io/hashicorp/aws\"]",
      "instances": [
        {
          "schema_version": 0,
          "attributes": {
            "cidr": "10.0.0.0/16",
            "cidr_authorization_context": [],
            "id": "10.0.0.0/16_ipam-pool-005906859c6f2e573",
            "ipam_pool_cidr_id": "ipam-pool-cidr-018e346a9baf746deb61dcfa328fb881f",
            "ipam_pool_id": "ipam-pool-005906859c6f2e573",
            "netmask_length": null,
            "timeouts": null
          },
          "sensitive_attributes": [],
          "private": "eyJlMmJmYjczMC1lY2FhLTExZTYtOGY4OC0zNDM2M2JjN2M0YzAiOnsiY3JlYXRlIjo2MDAwMDAwMDAwMDAsImRlbGV0ZSI6MTkyMDAwMDAwMDAwMH19",
          "dependencies": [
            "module.max_weather.aws_vpc_ipam.vpc_ipam",
            "module.max_weather.aws_vpc_ipam_pool.vpc_ipam_pool"
          ]
        }
      ]
    },
    {
      "module": "module.max_weather",
      "mode": "managed",
      "type": "aws_vpc_security_group_egress_rule",
      "name": "allow_all_traffic_ipv4",
      "provider": "provider[\"registry.terraform.io/hashicorp/aws\"]",
      "instances": [
        {
          "schema_version": 0,
          "attributes": {
            "arn": "arn:aws:ec2:us-west-2:711387138131:security-group-rule/sgr-0a105a96c1a1cd76c",
            "cidr_ipv4": "0.0.0.0/0",
            "cidr_ipv6": null,
            "description": null,
            "from_port": null,
            "id": "sgr-0a105a96c1a1cd76c",
            "ip_protocol": "-1",
            "prefix_list_id": null,
            "referenced_security_group_id": null,
            "security_group_id": "sg-0d5c6aa9a87b26428",
            "security_group_rule_id": "sgr-0a105a96c1a1cd76c",
            "tags": null,
            "tags_all": {},
            "to_port": null
          },
          "sensitive_attributes": [],
          "dependencies": [
            "module.max_weather.aws_security_group.eks",
            "module.max_weather.aws_vpc.vpc",
            "module.max_weather.aws_vpc_ipam.vpc_ipam",
            "module.max_weather.aws_vpc_ipam_pool.vpc_ipam_pool",
            "module.max_weather.aws_vpc_ipam_pool_cidr.vpc_ipam_pool_cidr"
          ]
        }
      ]
    },
    {
      "module": "module.max_weather",
      "mode": "managed",
      "type": "aws_vpc_security_group_egress_rule",
      "name": "eks-nlb_allow_all_traffic_ipv4",
      "provider": "provider[\"registry.terraform.io/hashicorp/aws\"]",
      "instances": [
        {
          "schema_version": 0,
          "attributes": {
            "arn": "arn:aws:ec2:us-west-2:711387138131:security-group-rule/sgr-0a7c40829839df8c0",
            "cidr_ipv4": "0.0.0.0/0",
            "cidr_ipv6": null,
            "description": null,
            "from_port": null,
            "id": "sgr-0a7c40829839df8c0",
            "ip_protocol": "-1",
            "prefix_list_id": null,
            "referenced_security_group_id": null,
            "security_group_id": "sg-02c333cbda41124f8",
            "security_group_rule_id": "sgr-0a7c40829839df8c0",
            "tags": null,
            "tags_all": {},
            "to_port": null
          },
          "sensitive_attributes": [],
          "dependencies": [
            "module.max_weather.aws_security_group.eks-nlb",
            "module.max_weather.aws_vpc.vpc",
            "module.max_weather.aws_vpc_ipam.vpc_ipam",
            "module.max_weather.aws_vpc_ipam_pool.vpc_ipam_pool",
            "module.max_weather.aws_vpc_ipam_pool_cidr.vpc_ipam_pool_cidr"
          ]
        }
      ]
    },
    {
      "module": "module.max_weather",
      "mode": "managed",
      "type": "aws_vpc_security_group_ingress_rule",
      "name": "allow_443_ipv4",
      "provider": "provider[\"registry.terraform.io/hashicorp/aws\"]",
      "instances": [
        {
          "schema_version": 0,
          "attributes": {
            "arn": "arn:aws:ec2:us-west-2:711387138131:security-group-rule/sgr-0a8564ad081f3b97b",
            "cidr_ipv4": "10.0.0.0/16",
            "cidr_ipv6": null,
            "description": null,
            "from_port": 443,
            "id": "sgr-0a8564ad081f3b97b",
            "ip_protocol": "tcp",
            "prefix_list_id": null,
            "referenced_security_group_id": null,
            "security_group_id": "sg-0d5c6aa9a87b26428",
            "security_group_rule_id": "sgr-0a8564ad081f3b97b",
            "tags": null,
            "tags_all": {},
            "to_port": 443
          },
          "sensitive_attributes": [],
          "dependencies": [
            "module.max_weather.aws_security_group.eks",
            "module.max_weather.aws_vpc.vpc",
            "module.max_weather.aws_vpc_ipam.vpc_ipam",
            "module.max_weather.aws_vpc_ipam_pool.vpc_ipam_pool",
            "module.max_weather.aws_vpc_ipam_pool_cidr.vpc_ipam_pool_cidr"
          ]
        }
      ]
    },
    {
      "module": "module.max_weather",
      "mode": "managed",
      "type": "aws_vpc_security_group_ingress_rule",
      "name": "eks-nlb_allow_443_ipv4",
      "provider": "provider[\"registry.terraform.io/hashicorp/aws\"]",
      "instances": [
        {
          "schema_version": 0,
          "attributes": {
            "arn": "arn:aws:ec2:us-west-2:711387138131:security-group-rule/sgr-0401cdd466f7eb590",
            "cidr_ipv4": "10.0.0.0/16",
            "cidr_ipv6": null,
            "description": null,
            "from_port": 80,
            "id": "sgr-0401cdd466f7eb590",
            "ip_protocol": "tcp",
            "prefix_list_id": null,
            "referenced_security_group_id": null,
            "security_group_id": "sg-02c333cbda41124f8",
            "security_group_rule_id": "sgr-0401cdd466f7eb590",
            "tags": null,
            "tags_all": {},
            "to_port": 80
          },
          "sensitive_attributes": [],
          "dependencies": [
            "module.max_weather.aws_security_group.eks-nlb",
            "module.max_weather.aws_vpc.vpc",
            "module.max_weather.aws_vpc_ipam.vpc_ipam",
            "module.max_weather.aws_vpc_ipam_pool.vpc_ipam_pool",
            "module.max_weather.aws_vpc_ipam_pool_cidr.vpc_ipam_pool_cidr"
          ]
        }
      ]
    }
  ],
  "check_results": null
}
